// !$*UTF8*$!
{
	archiveVersion = 1;
	classes = {
	};
	objectVersion = 52;
	objects = {

/* Begin PBXBuildFile section */
		5A2B429C2466DAAF00B41317 /* SearchBar.swift in Sources */ = {isa = PBXBuildFile; fileRef = 5A2B429B2466DAAF00B41317 /* SearchBar.swift */; };
		5A2B42AC246848DA00B41317 /* SwiftUIRefresh in Frameworks */ = {isa = PBXBuildFile; productRef = 5A2B42AB246848DA00B41317 /* SwiftUIRefresh */; };
		5A2B42B3246AC95600B41317 /* SwiftUICharts in Frameworks */ = {isa = PBXBuildFile; productRef = 5A2B42B2246AC95600B41317 /* SwiftUICharts */; };
		5A2B42B9246B306D00B41317 /* CasesService.swift in Sources */ = {isa = PBXBuildFile; fileRef = 5A2B42B8246B306D00B41317 /* CasesService.swift */; };
		5A2B42BB246B42DE00B41317 /* CasesViewModel.swift in Sources */ = {isa = PBXBuildFile; fileRef = 5A2B42BA246B42DE00B41317 /* CasesViewModel.swift */; };
		5A324F5A2471C3D7001F75A8 /* Constants.swift in Sources */ = {isa = PBXBuildFile; fileRef = 5A324F592471C3D7001F75A8 /* Constants.swift */; };
		5A324F6924729ED8001F75A8 /* AppIcon80x80.png in Resources */ = {isa = PBXBuildFile; fileRef = 5A324F5D24729ED8001F75A8 /* AppIcon80x80.png */; };
		5A324F6A24729ED8001F75A8 /* AppIcon20x20.png in Resources */ = {isa = PBXBuildFile; fileRef = 5A324F5E24729ED8001F75A8 /* AppIcon20x20.png */; };
		5A324F6B24729ED8001F75A8 /* AppIcon76x76.png in Resources */ = {isa = PBXBuildFile; fileRef = 5A324F5F24729ED8001F75A8 /* AppIcon76x76.png */; };
		5A324F6C24729ED8001F75A8 /* AppIcon29x29.png in Resources */ = {isa = PBXBuildFile; fileRef = 5A324F6024729ED8001F75A8 /* AppIcon29x29.png */; };
		5A324F6D24729ED8001F75A8 /* AppIcon167x167.png in Resources */ = {isa = PBXBuildFile; fileRef = 5A324F6124729ED8001F75A8 /* AppIcon167x167.png */; };
		5A324F6E24729ED8001F75A8 /* AppIcon58x58.png in Resources */ = {isa = PBXBuildFile; fileRef = 5A324F6224729ED8001F75A8 /* AppIcon58x58.png */; };
		5A324F6F24729ED8001F75A8 /* AppIcon60x60.png in Resources */ = {isa = PBXBuildFile; fileRef = 5A324F6324729ED8001F75A8 /* AppIcon60x60.png */; };
		5A324F7024729ED8001F75A8 /* AppIcon180x180.png in Resources */ = {isa = PBXBuildFile; fileRef = 5A324F6424729ED8001F75A8 /* AppIcon180x180.png */; };
		5A324F7124729ED8001F75A8 /* AppIcon152x152.png in Resources */ = {isa = PBXBuildFile; fileRef = 5A324F6524729ED8001F75A8 /* AppIcon152x152.png */; };
		5A324F7224729ED8001F75A8 /* AppIcon120x120.png in Resources */ = {isa = PBXBuildFile; fileRef = 5A324F6624729ED8001F75A8 /* AppIcon120x120.png */; };
		5A324F7324729ED8001F75A8 /* AppIcon87x87.png in Resources */ = {isa = PBXBuildFile; fileRef = 5A324F6724729ED8001F75A8 /* AppIcon87x87.png */; };
		5A324F7424729ED8001F75A8 /* AppIcon40x40.png in Resources */ = {isa = PBXBuildFile; fileRef = 5A324F6824729ED8001F75A8 /* AppIcon40x40.png */; };
		5A324F7624729F84001F75A8 /* AppIcon1024x1024.png in Resources */ = {isa = PBXBuildFile; fileRef = 5A324F7524729F84001F75A8 /* AppIcon1024x1024.png */; };
		5A324F7B2472A1BC001F75A8 /* AboutIcon@2x.png in Resources */ = {isa = PBXBuildFile; fileRef = 5A324F782472A1BC001F75A8 /* AboutIcon@2x.png */; };
		5A324F7C2472A1BC001F75A8 /* AboutIcon@3x.png in Resources */ = {isa = PBXBuildFile; fileRef = 5A324F792472A1BC001F75A8 /* AboutIcon@3x.png */; };
		5A324F7D2472A1BC001F75A8 /* AboutIcon.png in Resources */ = {isa = PBXBuildFile; fileRef = 5A324F7A2472A1BC001F75A8 /* AboutIcon.png */; };
		5A324F7F2472DEB1001F75A8 /* AppIcon1024x1024.jpg in Resources */ = {isa = PBXBuildFile; fileRef = 5A324F7E2472DEB1001F75A8 /* AppIcon1024x1024.jpg */; };
		5A4DAD8D249391BC00707275 /* SummaryStore.swift in Sources */ = {isa = PBXBuildFile; fileRef = 5A4DAD8C249391BC00707275 /* SummaryStore.swift */; };
		5A4DAD8F249398A100707275 /* SummaryStoreActions.swift in Sources */ = {isa = PBXBuildFile; fileRef = 5A4DAD8E249398A100707275 /* SummaryStoreActions.swift */; };
		5A612923246C966B0001F751 /* Double.swift in Sources */ = {isa = PBXBuildFile; fileRef = 5A612921246C966B0001F751 /* Double.swift */; };
		5A612924246C966B0001F751 /* Color.swift in Sources */ = {isa = PBXBuildFile; fileRef = 5A612922246C966B0001F751 /* Color.swift */; };
		5A61292F246C96E60001F751 /* PieChart.swift in Sources */ = {isa = PBXBuildFile; fileRef = 5A61292D246C96E60001F751 /* PieChart.swift */; };
		5A612930246C96E60001F751 /* PieChartSlide.swift in Sources */ = {isa = PBXBuildFile; fileRef = 5A61292E246C96E60001F751 /* PieChartSlide.swift */; };
		5A612937246C985D0001F751 /* SlideData.swift in Sources */ = {isa = PBXBuildFile; fileRef = 5A612934246C985D0001F751 /* SlideData.swift */; };
		5A612938246C985D0001F751 /* DataItem.swift in Sources */ = {isa = PBXBuildFile; fileRef = 5A612935246C985D0001F751 /* DataItem.swift */; };
		5A612939246C985D0001F751 /* PieChartData.swift in Sources */ = {isa = PBXBuildFile; fileRef = 5A612936246C985D0001F751 /* PieChartData.swift */; };
		5A75939824640018005E2255 /* AppDelegate.swift in Sources */ = {isa = PBXBuildFile; fileRef = 5A75939724640018005E2255 /* AppDelegate.swift */; };
		5A75939A24640018005E2255 /* SceneDelegate.swift in Sources */ = {isa = PBXBuildFile; fileRef = 5A75939924640018005E2255 /* SceneDelegate.swift */; };
		5A75939E24640019005E2255 /* Assets.xcassets in Resources */ = {isa = PBXBuildFile; fileRef = 5A75939D24640019005E2255 /* Assets.xcassets */; };
		5A7593A124640019005E2255 /* Preview Assets.xcassets in Resources */ = {isa = PBXBuildFile; fileRef = 5A7593A024640019005E2255 /* Preview Assets.xcassets */; };
		5A7593A424640019005E2255 /* LaunchScreen.storyboard in Resources */ = {isa = PBXBuildFile; fileRef = 5A7593A224640019005E2255 /* LaunchScreen.storyboard */; };
		5A7593BA24640019005E2255 /* CovidStatUITests.swift in Sources */ = {isa = PBXBuildFile; fileRef = 5A7593B924640019005E2255 /* CovidStatUITests.swift */; };
		5A93BC7D24A4AB3D00F45E0A /* Introspect in Frameworks */ = {isa = PBXBuildFile; productRef = 5A93BC7C24A4AB3D00F45E0A /* Introspect */; };
		5A9ADD922492523100D4801E /* Covid19NetworkKit in Frameworks */ = {isa = PBXBuildFile; productRef = 5A9ADD912492523100D4801E /* Covid19NetworkKit */; };
		5AA851AD246DD04F0003D74D /* CountriesView.swift in Sources */ = {isa = PBXBuildFile; fileRef = 5AA851A8246DD04F0003D74D /* CountriesView.swift */; };
		5AA851AE246DD04F0003D74D /* CountryDetailView.swift in Sources */ = {isa = PBXBuildFile; fileRef = 5AA851A9246DD04F0003D74D /* CountryDetailView.swift */; };
		5AA851AF246DD04F0003D74D /* CountryRow.swift in Sources */ = {isa = PBXBuildFile; fileRef = 5AA851AA246DD04F0003D74D /* CountryRow.swift */; };
		5AA851B0246DD04F0003D74D /* AboutView.swift in Sources */ = {isa = PBXBuildFile; fileRef = 5AA851AB246DD04F0003D74D /* AboutView.swift */; };
		5AA851B1246DD04F0003D74D /* SummaryView.swift in Sources */ = {isa = PBXBuildFile; fileRef = 5AA851AC246DD04F0003D74D /* SummaryView.swift */; };
		5AA9FAE424644868001E6E1A /* SummaryService.swift in Sources */ = {isa = PBXBuildFile; fileRef = 5AA9FAE324644868001E6E1A /* SummaryService.swift */; };
		5AA9FAEA246459B2001E6E1A /* TypesExt.swift in Sources */ = {isa = PBXBuildFile; fileRef = 5AA9FAE9246459B2001E6E1A /* TypesExt.swift */; };
		5AA9FAEC24645C90001E6E1A /* SummaryViewModel.swift in Sources */ = {isa = PBXBuildFile; fileRef = 5AA9FAEB24645C90001E6E1A /* SummaryViewModel.swift */; };
		5AA9FAF024648C14001E6E1A /* ServiceLocator.swift in Sources */ = {isa = PBXBuildFile; fileRef = 5AA9FAEF24648C14001E6E1A /* ServiceLocator.swift */; };
		5ADAD5AE24BBB4FA00F946DD /* CasesViewModelTests.swift in Sources */ = {isa = PBXBuildFile; fileRef = 5ADAD5AD24BBB4FA00F946DD /* CasesViewModelTests.swift */; };
		5ADAD5B324BBBD4A00F946DD /* XCTestCaseExt.swift in Sources */ = {isa = PBXBuildFile; fileRef = 5ADAD5B224BBBD4A00F946DD /* XCTestCaseExt.swift */; };
		5ADAD5B724BBC2C000F946DD /* CountryCasesFake.json in Resources */ = {isa = PBXBuildFile; fileRef = 5ADAD5B624BBC2C000F946DD /* CountryCasesFake.json */; };
		5ADAD5B924BC653700F946DD /* CasesServiceProtocol.swift in Sources */ = {isa = PBXBuildFile; fileRef = 5ADAD5B824BC653700F946DD /* CasesServiceProtocol.swift */; };
		5ADAD5BE24BC6D4400F946DD /* MockCasesService.swift in Sources */ = {isa = PBXBuildFile; fileRef = 5ADAD5BD24BC6D4400F946DD /* MockCasesService.swift */; };
		5ADAD5C024BC8E3300F946DD /* SummaryFake.json in Resources */ = {isa = PBXBuildFile; fileRef = 5ADAD5BF24BC8E3300F946DD /* SummaryFake.json */; };
		5ADAD5C224BC8EDC00F946DD /* SummaryServiceProtocol.swift in Sources */ = {isa = PBXBuildFile; fileRef = 5ADAD5C124BC8EDC00F946DD /* SummaryServiceProtocol.swift */; };
		5ADAD5C724BC909800F946DD /* SummaryViewModelTests.swift in Sources */ = {isa = PBXBuildFile; fileRef = 5ADAD5C624BC909800F946DD /* SummaryViewModelTests.swift */; };
		5ADAD5C924BC90CF00F946DD /* MockSummaryService.swift in Sources */ = {isa = PBXBuildFile; fileRef = 5ADAD5C824BC90CF00F946DD /* MockSummaryService.swift */; };
		5AE1912C24B65B51002F2175 /* CovidCoreData.xcdatamodeld in Sources */ = {isa = PBXBuildFile; fileRef = 5AE1912A24B65B51002F2175 /* CovidCoreData.xcdatamodeld */; };
		5AE1914D24B72E48002F2175 /* TotalCountryCasesObj+CoreDataClass.swift in Sources */ = {isa = PBXBuildFile; fileRef = 5AE1914524B72E48002F2175 /* TotalCountryCasesObj+CoreDataClass.swift */; };
		5AE1914E24B72E48002F2175 /* TotalCountryCasesObj+CoreDataProperties.swift in Sources */ = {isa = PBXBuildFile; fileRef = 5AE1914624B72E48002F2175 /* TotalCountryCasesObj+CoreDataProperties.swift */; };
		5AE1914F24B72E48002F2175 /* SummaryGlobalObj+CoreDataClass.swift in Sources */ = {isa = PBXBuildFile; fileRef = 5AE1914724B72E48002F2175 /* SummaryGlobalObj+CoreDataClass.swift */; };
		5AE1915024B72E48002F2175 /* SummaryGlobalObj+CoreDataProperties.swift in Sources */ = {isa = PBXBuildFile; fileRef = 5AE1914824B72E48002F2175 /* SummaryGlobalObj+CoreDataProperties.swift */; };
		5AE1915124B72E48002F2175 /* CountryObj+CoreDataClass.swift in Sources */ = {isa = PBXBuildFile; fileRef = 5AE1914924B72E48002F2175 /* CountryObj+CoreDataClass.swift */; };
		5AE1915224B72E48002F2175 /* CountryObj+CoreDataProperties.swift in Sources */ = {isa = PBXBuildFile; fileRef = 5AE1914A24B72E48002F2175 /* CountryObj+CoreDataProperties.swift */; };
		5AE1915924B8C048002F2175 /* SummaryObj+CoreDataClass.swift in Sources */ = {isa = PBXBuildFile; fileRef = 5AE1915724B8C048002F2175 /* SummaryObj+CoreDataClass.swift */; };
		5AE1915A24B8C048002F2175 /* SummaryObj+CoreDataProperties.swift in Sources */ = {isa = PBXBuildFile; fileRef = 5AE1915824B8C048002F2175 /* SummaryObj+CoreDataProperties.swift */; };
		5AEDC1B0246408A300D55970 /* ContentView.swift in Sources */ = {isa = PBXBuildFile; fileRef = 5AEDC1AF246408A300D55970 /* ContentView.swift */; };
/* End PBXBuildFile section */

/* Begin PBXContainerItemProxy section */
		5A7593AB24640019005E2255 /* PBXContainerItemProxy */ = {
			isa = PBXContainerItemProxy;
			containerPortal = 5A75938C24640018005E2255 /* Project object */;
			proxyType = 1;
			remoteGlobalIDString = 5A75939324640018005E2255;
			remoteInfo = CovidStat;
		};
		5A7593B624640019005E2255 /* PBXContainerItemProxy */ = {
			isa = PBXContainerItemProxy;
			containerPortal = 5A75938C24640018005E2255 /* Project object */;
			proxyType = 1;
			remoteGlobalIDString = 5A75939324640018005E2255;
			remoteInfo = CovidStat;
		};
/* End PBXContainerItemProxy section */

/* Begin PBXFileReference section */
		5A2B429B2466DAAF00B41317 /* SearchBar.swift */ = {isa = PBXFileReference; fileEncoding = 4; lastKnownFileType = sourcecode.swift; name = SearchBar.swift; path = CovidStat/Views/Controls/SearchBar.swift; sourceTree = SOURCE_ROOT; };
		5A2B42B8246B306D00B41317 /* CasesService.swift */ = {isa = PBXFileReference; lastKnownFileType = sourcecode.swift; path = CasesService.swift; sourceTree = "<group>"; };
		5A2B42BA246B42DE00B41317 /* CasesViewModel.swift */ = {isa = PBXFileReference; lastKnownFileType = sourcecode.swift; path = CasesViewModel.swift; sourceTree = "<group>"; };
		5A324F592471C3D7001F75A8 /* Constants.swift */ = {isa = PBXFileReference; lastKnownFileType = sourcecode.swift; path = Constants.swift; sourceTree = "<group>"; };
		5A324F5D24729ED8001F75A8 /* AppIcon80x80.png */ = {isa = PBXFileReference; lastKnownFileType = image.png; path = AppIcon80x80.png; sourceTree = "<group>"; };
		5A324F5E24729ED8001F75A8 /* AppIcon20x20.png */ = {isa = PBXFileReference; lastKnownFileType = image.png; path = AppIcon20x20.png; sourceTree = "<group>"; };
		5A324F5F24729ED8001F75A8 /* AppIcon76x76.png */ = {isa = PBXFileReference; lastKnownFileType = image.png; path = AppIcon76x76.png; sourceTree = "<group>"; };
		5A324F6024729ED8001F75A8 /* AppIcon29x29.png */ = {isa = PBXFileReference; lastKnownFileType = image.png; path = AppIcon29x29.png; sourceTree = "<group>"; };
		5A324F6124729ED8001F75A8 /* AppIcon167x167.png */ = {isa = PBXFileReference; lastKnownFileType = image.png; path = AppIcon167x167.png; sourceTree = "<group>"; };
		5A324F6224729ED8001F75A8 /* AppIcon58x58.png */ = {isa = PBXFileReference; lastKnownFileType = image.png; path = AppIcon58x58.png; sourceTree = "<group>"; };
		5A324F6324729ED8001F75A8 /* AppIcon60x60.png */ = {isa = PBXFileReference; lastKnownFileType = image.png; path = AppIcon60x60.png; sourceTree = "<group>"; };
		5A324F6424729ED8001F75A8 /* AppIcon180x180.png */ = {isa = PBXFileReference; lastKnownFileType = image.png; path = AppIcon180x180.png; sourceTree = "<group>"; };
		5A324F6524729ED8001F75A8 /* AppIcon152x152.png */ = {isa = PBXFileReference; lastKnownFileType = image.png; path = AppIcon152x152.png; sourceTree = "<group>"; };
		5A324F6624729ED8001F75A8 /* AppIcon120x120.png */ = {isa = PBXFileReference; lastKnownFileType = image.png; path = AppIcon120x120.png; sourceTree = "<group>"; };
		5A324F6724729ED8001F75A8 /* AppIcon87x87.png */ = {isa = PBXFileReference; lastKnownFileType = image.png; path = AppIcon87x87.png; sourceTree = "<group>"; };
		5A324F6824729ED8001F75A8 /* AppIcon40x40.png */ = {isa = PBXFileReference; lastKnownFileType = image.png; path = AppIcon40x40.png; sourceTree = "<group>"; };
		5A324F7524729F84001F75A8 /* AppIcon1024x1024.png */ = {isa = PBXFileReference; lastKnownFileType = image.png; path = AppIcon1024x1024.png; sourceTree = "<group>"; };
		5A324F782472A1BC001F75A8 /* AboutIcon@2x.png */ = {isa = PBXFileReference; lastKnownFileType = image.png; path = "AboutIcon@2x.png"; sourceTree = "<group>"; };
		5A324F792472A1BC001F75A8 /* AboutIcon@3x.png */ = {isa = PBXFileReference; lastKnownFileType = image.png; path = "AboutIcon@3x.png"; sourceTree = "<group>"; };
		5A324F7A2472A1BC001F75A8 /* AboutIcon.png */ = {isa = PBXFileReference; lastKnownFileType = image.png; path = AboutIcon.png; sourceTree = "<group>"; };
		5A324F7E2472DEB1001F75A8 /* AppIcon1024x1024.jpg */ = {isa = PBXFileReference; lastKnownFileType = image.jpeg; path = AppIcon1024x1024.jpg; sourceTree = "<group>"; };
		5A4DAD8C249391BC00707275 /* SummaryStore.swift */ = {isa = PBXFileReference; fileEncoding = 4; lastKnownFileType = sourcecode.swift; path = SummaryStore.swift; sourceTree = "<group>"; };
		5A4DAD8E249398A100707275 /* SummaryStoreActions.swift */ = {isa = PBXFileReference; lastKnownFileType = sourcecode.swift; path = SummaryStoreActions.swift; sourceTree = "<group>"; };
		5A612921246C966B0001F751 /* Double.swift */ = {isa = PBXFileReference; fileEncoding = 4; lastKnownFileType = sourcecode.swift; path = Double.swift; sourceTree = "<group>"; };
		5A612922246C966B0001F751 /* Color.swift */ = {isa = PBXFileReference; fileEncoding = 4; lastKnownFileType = sourcecode.swift; path = Color.swift; sourceTree = "<group>"; };
		5A61292D246C96E60001F751 /* PieChart.swift */ = {isa = PBXFileReference; fileEncoding = 4; lastKnownFileType = sourcecode.swift; path = PieChart.swift; sourceTree = "<group>"; };
		5A61292E246C96E60001F751 /* PieChartSlide.swift */ = {isa = PBXFileReference; fileEncoding = 4; lastKnownFileType = sourcecode.swift; path = PieChartSlide.swift; sourceTree = "<group>"; };
		5A612934246C985D0001F751 /* SlideData.swift */ = {isa = PBXFileReference; fileEncoding = 4; lastKnownFileType = sourcecode.swift; path = SlideData.swift; sourceTree = "<group>"; };
		5A612935246C985D0001F751 /* DataItem.swift */ = {isa = PBXFileReference; fileEncoding = 4; lastKnownFileType = sourcecode.swift; path = DataItem.swift; sourceTree = "<group>"; };
		5A612936246C985D0001F751 /* PieChartData.swift */ = {isa = PBXFileReference; fileEncoding = 4; lastKnownFileType = sourcecode.swift; path = PieChartData.swift; sourceTree = "<group>"; };
		5A75939424640018005E2255 /* CovidStats.app */ = {isa = PBXFileReference; explicitFileType = wrapper.application; includeInIndex = 0; path = CovidStats.app; sourceTree = BUILT_PRODUCTS_DIR; };
		5A75939724640018005E2255 /* AppDelegate.swift */ = {isa = PBXFileReference; lastKnownFileType = sourcecode.swift; path = AppDelegate.swift; sourceTree = "<group>"; };
		5A75939924640018005E2255 /* SceneDelegate.swift */ = {isa = PBXFileReference; lastKnownFileType = sourcecode.swift; path = SceneDelegate.swift; sourceTree = "<group>"; };
		5A75939D24640019005E2255 /* Assets.xcassets */ = {isa = PBXFileReference; lastKnownFileType = folder.assetcatalog; path = Assets.xcassets; sourceTree = "<group>"; };
		5A7593A024640019005E2255 /* Preview Assets.xcassets */ = {isa = PBXFileReference; lastKnownFileType = folder.assetcatalog; path = "Preview Assets.xcassets"; sourceTree = "<group>"; };
		5A7593A324640019005E2255 /* Base */ = {isa = PBXFileReference; lastKnownFileType = file.storyboard; name = Base; path = Base.lproj/LaunchScreen.storyboard; sourceTree = "<group>"; };
		5A7593AA24640019005E2255 /* CovidStatTests.xctest */ = {isa = PBXFileReference; explicitFileType = wrapper.cfbundle; includeInIndex = 0; path = CovidStatTests.xctest; sourceTree = BUILT_PRODUCTS_DIR; };
		5A7593B024640019005E2255 /* Info.plist */ = {isa = PBXFileReference; lastKnownFileType = text.plist.xml; path = Info.plist; sourceTree = "<group>"; };
		5A7593B524640019005E2255 /* CovidStatUITests.xctest */ = {isa = PBXFileReference; explicitFileType = wrapper.cfbundle; includeInIndex = 0; path = CovidStatUITests.xctest; sourceTree = BUILT_PRODUCTS_DIR; };
		5A7593B924640019005E2255 /* CovidStatUITests.swift */ = {isa = PBXFileReference; lastKnownFileType = sourcecode.swift; path = CovidStatUITests.swift; sourceTree = "<group>"; };
		5A7593BB24640019005E2255 /* Info.plist */ = {isa = PBXFileReference; lastKnownFileType = text.plist.xml; path = Info.plist; sourceTree = "<group>"; };
		5A93BC7A24A4A8AC00F45E0A /* CovidStats.entitlements */ = {isa = PBXFileReference; lastKnownFileType = text.plist.entitlements; path = CovidStats.entitlements; sourceTree = "<group>"; };
		5A9ADD8F2492517D00D4801E /* Covid19NetworkKit */ = {isa = PBXFileReference; lastKnownFileType = folder; path = Covid19NetworkKit; sourceTree = "<group>"; };
		5AA851A8246DD04F0003D74D /* CountriesView.swift */ = {isa = PBXFileReference; fileEncoding = 4; lastKnownFileType = sourcecode.swift; path = CountriesView.swift; sourceTree = "<group>"; };
		5AA851A9246DD04F0003D74D /* CountryDetailView.swift */ = {isa = PBXFileReference; fileEncoding = 4; lastKnownFileType = sourcecode.swift; path = CountryDetailView.swift; sourceTree = "<group>"; };
		5AA851AA246DD04F0003D74D /* CountryRow.swift */ = {isa = PBXFileReference; fileEncoding = 4; lastKnownFileType = sourcecode.swift; path = CountryRow.swift; sourceTree = "<group>"; };
		5AA851AB246DD04F0003D74D /* AboutView.swift */ = {isa = PBXFileReference; fileEncoding = 4; lastKnownFileType = sourcecode.swift; name = AboutView.swift; path = CovidStat/Views/Tabs/AboutView.swift; sourceTree = SOURCE_ROOT; };
		5AA851AC246DD04F0003D74D /* SummaryView.swift */ = {isa = PBXFileReference; fileEncoding = 4; lastKnownFileType = sourcecode.swift; name = SummaryView.swift; path = CovidStat/Views/Tabs/SummaryView.swift; sourceTree = SOURCE_ROOT; };
		5AA9FADD24640948001E6E1A /* Info.plist */ = {isa = PBXFileReference; fileEncoding = 4; lastKnownFileType = text.plist.xml; path = Info.plist; sourceTree = "<group>"; };
		5AA9FAE324644868001E6E1A /* SummaryService.swift */ = {isa = PBXFileReference; lastKnownFileType = sourcecode.swift; path = SummaryService.swift; sourceTree = "<group>"; };
		5AA9FAE9246459B2001E6E1A /* TypesExt.swift */ = {isa = PBXFileReference; lastKnownFileType = sourcecode.swift; path = TypesExt.swift; sourceTree = "<group>"; };
		5AA9FAEB24645C90001E6E1A /* SummaryViewModel.swift */ = {isa = PBXFileReference; lastKnownFileType = sourcecode.swift; path = SummaryViewModel.swift; sourceTree = "<group>"; };
		5AA9FAEF24648C14001E6E1A /* ServiceLocator.swift */ = {isa = PBXFileReference; lastKnownFileType = sourcecode.swift; path = ServiceLocator.swift; sourceTree = "<group>"; };
		5ADAD5AD24BBB4FA00F946DD /* CasesViewModelTests.swift */ = {isa = PBXFileReference; lastKnownFileType = sourcecode.swift; path = CasesViewModelTests.swift; sourceTree = "<group>"; };
		5ADAD5B224BBBD4A00F946DD /* XCTestCaseExt.swift */ = {isa = PBXFileReference; lastKnownFileType = sourcecode.swift; path = XCTestCaseExt.swift; sourceTree = "<group>"; };
		5ADAD5B624BBC2C000F946DD /* CountryCasesFake.json */ = {isa = PBXFileReference; fileEncoding = 4; lastKnownFileType = text.json; path = CountryCasesFake.json; sourceTree = "<group>"; };
		5ADAD5B824BC653700F946DD /* CasesServiceProtocol.swift */ = {isa = PBXFileReference; lastKnownFileType = sourcecode.swift; path = CasesServiceProtocol.swift; sourceTree = "<group>"; };
		5ADAD5BD24BC6D4400F946DD /* MockCasesService.swift */ = {isa = PBXFileReference; lastKnownFileType = sourcecode.swift; path = MockCasesService.swift; sourceTree = "<group>"; };
		5ADAD5BF24BC8E3300F946DD /* SummaryFake.json */ = {isa = PBXFileReference; fileEncoding = 4; lastKnownFileType = text.json; path = SummaryFake.json; sourceTree = "<group>"; };
		5ADAD5C124BC8EDC00F946DD /* SummaryServiceProtocol.swift */ = {isa = PBXFileReference; lastKnownFileType = sourcecode.swift; path = SummaryServiceProtocol.swift; sourceTree = "<group>"; };
		5ADAD5C624BC909800F946DD /* SummaryViewModelTests.swift */ = {isa = PBXFileReference; lastKnownFileType = sourcecode.swift; path = SummaryViewModelTests.swift; sourceTree = "<group>"; };
		5ADAD5C824BC90CF00F946DD /* MockSummaryService.swift */ = {isa = PBXFileReference; lastKnownFileType = sourcecode.swift; path = MockSummaryService.swift; sourceTree = "<group>"; };
		5AE1912B24B65B51002F2175 /* CovidCoreData.xcdatamodel */ = {isa = PBXFileReference; lastKnownFileType = wrapper.xcdatamodel; path = CovidCoreData.xcdatamodel; sourceTree = "<group>"; };
		5AE1914524B72E48002F2175 /* TotalCountryCasesObj+CoreDataClass.swift */ = {isa = PBXFileReference; lastKnownFileType = sourcecode.swift; path = "TotalCountryCasesObj+CoreDataClass.swift"; sourceTree = SOURCE_ROOT; };
		5AE1914624B72E48002F2175 /* TotalCountryCasesObj+CoreDataProperties.swift */ = {isa = PBXFileReference; lastKnownFileType = sourcecode.swift; path = "TotalCountryCasesObj+CoreDataProperties.swift"; sourceTree = SOURCE_ROOT; };
		5AE1914724B72E48002F2175 /* SummaryGlobalObj+CoreDataClass.swift */ = {isa = PBXFileReference; lastKnownFileType = sourcecode.swift; path = "SummaryGlobalObj+CoreDataClass.swift"; sourceTree = SOURCE_ROOT; };
		5AE1914824B72E48002F2175 /* SummaryGlobalObj+CoreDataProperties.swift */ = {isa = PBXFileReference; lastKnownFileType = sourcecode.swift; path = "SummaryGlobalObj+CoreDataProperties.swift"; sourceTree = SOURCE_ROOT; };
		5AE1914924B72E48002F2175 /* CountryObj+CoreDataClass.swift */ = {isa = PBXFileReference; lastKnownFileType = sourcecode.swift; path = "CountryObj+CoreDataClass.swift"; sourceTree = SOURCE_ROOT; };
		5AE1914A24B72E48002F2175 /* CountryObj+CoreDataProperties.swift */ = {isa = PBXFileReference; lastKnownFileType = sourcecode.swift; path = "CountryObj+CoreDataProperties.swift"; sourceTree = SOURCE_ROOT; };
		5AE1915724B8C048002F2175 /* SummaryObj+CoreDataClass.swift */ = {isa = PBXFileReference; lastKnownFileType = sourcecode.swift; path = "SummaryObj+CoreDataClass.swift"; sourceTree = "<group>"; };
		5AE1915824B8C048002F2175 /* SummaryObj+CoreDataProperties.swift */ = {isa = PBXFileReference; lastKnownFileType = sourcecode.swift; path = "SummaryObj+CoreDataProperties.swift"; sourceTree = "<group>"; };
		5AEDC1AF246408A300D55970 /* ContentView.swift */ = {isa = PBXFileReference; fileEncoding = 4; lastKnownFileType = sourcecode.swift; name = ContentView.swift; path = CovidStat/Views/ContentView.swift; sourceTree = SOURCE_ROOT; };
/* End PBXFileReference section */

/* Begin PBXFrameworksBuildPhase section */
		5A75939124640018005E2255 /* Frameworks */ = {
			isa = PBXFrameworksBuildPhase;
			buildActionMask = 2147483647;
			files = (
				5A2B42AC246848DA00B41317 /* SwiftUIRefresh in Frameworks */,
				5A93BC7D24A4AB3D00F45E0A /* Introspect in Frameworks */,
				5A9ADD922492523100D4801E /* Covid19NetworkKit in Frameworks */,
				5A2B42B3246AC95600B41317 /* SwiftUICharts in Frameworks */,
			);
			runOnlyForDeploymentPostprocessing = 0;
		};
		5A7593A724640019005E2255 /* Frameworks */ = {
			isa = PBXFrameworksBuildPhase;
			buildActionMask = 2147483647;
			files = (
			);
			runOnlyForDeploymentPostprocessing = 0;
		};
		5A7593B224640019005E2255 /* Frameworks */ = {
			isa = PBXFrameworksBuildPhase;
			buildActionMask = 2147483647;
			files = (
			);
			runOnlyForDeploymentPostprocessing = 0;
		};
/* End PBXFrameworksBuildPhase section */

/* Begin PBXGroup section */
		5A2B42982466D97100B41317 /* Controls */ = {
			isa = PBXGroup;
			children = (
				5A612920246C963E0001F751 /* PieChart */,
				5A2B429B2466DAAF00B41317 /* SearchBar.swift */,
			);
			path = Controls;
			sourceTree = "<group>";
		};
		5A324F5B24729ED8001F75A8 /* Images */ = {
			isa = PBXGroup;
			children = (
				5A324F772472A14A001F75A8 /* About */,
				5A324F5C24729ED8001F75A8 /* AppIcon */,
			);
			path = Images;
			sourceTree = "<group>";
		};
		5A324F5C24729ED8001F75A8 /* AppIcon */ = {
			isa = PBXGroup;
			children = (
				5A324F7E2472DEB1001F75A8 /* AppIcon1024x1024.jpg */,
				5A324F7524729F84001F75A8 /* AppIcon1024x1024.png */,
				5A324F5D24729ED8001F75A8 /* AppIcon80x80.png */,
				5A324F5E24729ED8001F75A8 /* AppIcon20x20.png */,
				5A324F5F24729ED8001F75A8 /* AppIcon76x76.png */,
				5A324F6024729ED8001F75A8 /* AppIcon29x29.png */,
				5A324F6124729ED8001F75A8 /* AppIcon167x167.png */,
				5A324F6224729ED8001F75A8 /* AppIcon58x58.png */,
				5A324F6324729ED8001F75A8 /* AppIcon60x60.png */,
				5A324F6424729ED8001F75A8 /* AppIcon180x180.png */,
				5A324F6524729ED8001F75A8 /* AppIcon152x152.png */,
				5A324F6624729ED8001F75A8 /* AppIcon120x120.png */,
				5A324F6724729ED8001F75A8 /* AppIcon87x87.png */,
				5A324F6824729ED8001F75A8 /* AppIcon40x40.png */,
			);
			path = AppIcon;
			sourceTree = "<group>";
		};
		5A324F772472A14A001F75A8 /* About */ = {
			isa = PBXGroup;
			children = (
				5A324F7A2472A1BC001F75A8 /* AboutIcon.png */,
				5A324F782472A1BC001F75A8 /* AboutIcon@2x.png */,
				5A324F792472A1BC001F75A8 /* AboutIcon@3x.png */,
			);
			path = About;
			sourceTree = "<group>";
		};
		5A4DAD852492561C00707275 /* Flux */ = {
			isa = PBXGroup;
			children = (
				5A4DAD8C249391BC00707275 /* SummaryStore.swift */,
				5A4DAD8E249398A100707275 /* SummaryStoreActions.swift */,
			);
			path = Flux;
			sourceTree = "<group>";
		};
		5A612920246C963E0001F751 /* PieChart */ = {
			isa = PBXGroup;
			children = (
				5A612933246C985D0001F751 /* Model */,
				5A61292C246C96E60001F751 /* Views */,
			);
			path = PieChart;
			sourceTree = "<group>";
		};
		5A61292C246C96E60001F751 /* Views */ = {
			isa = PBXGroup;
			children = (
				5A61292D246C96E60001F751 /* PieChart.swift */,
				5A61292E246C96E60001F751 /* PieChartSlide.swift */,
			);
			name = Views;
			path = CovidStat/Views/Controls/PieChart/Views;
			sourceTree = SOURCE_ROOT;
		};
		5A612933246C985D0001F751 /* Model */ = {
			isa = PBXGroup;
			children = (
				5A612934246C985D0001F751 /* SlideData.swift */,
				5A612935246C985D0001F751 /* DataItem.swift */,
				5A612936246C985D0001F751 /* PieChartData.swift */,
			);
			name = Model;
			path = CovidStat/Views/Controls/PieChart/Model;
			sourceTree = SOURCE_ROOT;
		};
		5A61293A246CB0A80001F751 /* Tabs */ = {
			isa = PBXGroup;
			children = (
				5AA851A7246DD04F0003D74D /* CountriesTab */,
				5AA851AB246DD04F0003D74D /* AboutView.swift */,
				5AA851AC246DD04F0003D74D /* SummaryView.swift */,
			);
			path = Tabs;
			sourceTree = "<group>";
		};
		5A75938B24640018005E2255 = {
			isa = PBXGroup;
			children = (
				5A7593CC2464081A005E2255 /* CovidStat */,
				5AEDC1AE2464084800D55970 /* Tests */,
				5A75939524640018005E2255 /* Products */,
				5A9ADD902492523100D4801E /* Frameworks */,
			);
			sourceTree = "<group>";
		};
		5A75939524640018005E2255 /* Products */ = {
			isa = PBXGroup;
			children = (
				5A75939424640018005E2255 /* CovidStats.app */,
				5A7593AA24640019005E2255 /* CovidStatTests.xctest */,
				5A7593B524640019005E2255 /* CovidStatUITests.xctest */,
			);
			name = Products;
			sourceTree = "<group>";
		};
		5A75939624640018005E2255 /* SupportingFiles */ = {
			isa = PBXGroup;
			children = (
				5A324F5B24729ED8001F75A8 /* Images */,
				5AA9FADD24640948001E6E1A /* Info.plist */,
				5A75939D24640019005E2255 /* Assets.xcassets */,
				5A7593A224640019005E2255 /* LaunchScreen.storyboard */,
				5A75939F24640019005E2255 /* Preview Content */,
			);
			path = SupportingFiles;
			sourceTree = "<group>";
		};
		5A75939F24640019005E2255 /* Preview Content */ = {
			isa = PBXGroup;
			children = (
				5A7593A024640019005E2255 /* Preview Assets.xcassets */,
			);
			path = "Preview Content";
			sourceTree = "<group>";
		};
		5A7593AD24640019005E2255 /* CovidStatTests */ = {
			isa = PBXGroup;
			children = (
				5ADAD5B224BBBD4A00F946DD /* XCTestCaseExt.swift */,
				5ADAD5CE24BCE2D500F946DD /* Services */,
				5ADAD5BA24BC6CFB00F946DD /* ViewModel */,
				5ADAD5AF24BBBCC400F946DD /* Stubs */,
				5A7593B024640019005E2255 /* Info.plist */,
			);
			path = CovidStatTests;
			sourceTree = "<group>";
		};
		5A7593B824640019005E2255 /* CovidStatUITests */ = {
			isa = PBXGroup;
			children = (
				5A7593B924640019005E2255 /* CovidStatUITests.swift */,
				5A7593BB24640019005E2255 /* Info.plist */,
			);
			path = CovidStatUITests;
			sourceTree = "<group>";
		};
		5A7593C72464067E005E2255 /* App */ = {
			isa = PBXGroup;
			children = (
				5A75939724640018005E2255 /* AppDelegate.swift */,
				5A75939924640018005E2255 /* SceneDelegate.swift */,
			);
			path = App;
			sourceTree = "<group>";
		};
		5A7593C9246407DA005E2255 /* Views📱 */ = {
			isa = PBXGroup;
			children = (
				5A2B42982466D97100B41317 /* Controls */,
				5A61293A246CB0A80001F751 /* Tabs */,
				5AEDC1AF246408A300D55970 /* ContentView.swift */,
			);
			name = "Views📱";
			path = "../Views📱";
			sourceTree = "<group>";
		};
		5A7593CB246407EE005E2255 /* ViewModels */ = {
			isa = PBXGroup;
			children = (
				5AA9FAEB24645C90001E6E1A /* SummaryViewModel.swift */,
				5A2B42BA246B42DE00B41317 /* CasesViewModel.swift */,
			);
			path = ViewModels;
			sourceTree = "<group>";
		};
		5A7593CC2464081A005E2255 /* CovidStat */ = {
			isa = PBXGroup;
			children = (
				5AE1912D24B65B78002F2175 /* CoreData📲 */,
				5A93BC7A24A4A8AC00F45E0A /* CovidStats.entitlements */,
				5AA9FAE224644843001E6E1A /* Services⚙️ */,
				5AAA2B712466098800EDE0DD /* Extensions */,
				5AAA2B4D24659CE500EDE0DD /* Networking🛠 */,
				5A7593C9246407DA005E2255 /* Views📱 */,
				5A4DAD852492561C00707275 /* Flux */,
				5A7593CB246407EE005E2255 /* ViewModels */,
				5A7593C72464067E005E2255 /* App */,
				5A75939624640018005E2255 /* SupportingFiles */,
			);
			path = CovidStat;
			sourceTree = "<group>";
		};
		5A9ADD902492523100D4801E /* Frameworks */ = {
			isa = PBXGroup;
			children = (
			);
			name = Frameworks;
			sourceTree = "<group>";
		};
		5AA851A7246DD04F0003D74D /* CountriesTab */ = {
			isa = PBXGroup;
			children = (
				5AA851A8246DD04F0003D74D /* CountriesView.swift */,
				5AA851A9246DD04F0003D74D /* CountryDetailView.swift */,
				5AA851AA246DD04F0003D74D /* CountryRow.swift */,
			);
			name = CountriesTab;
			path = CovidStat/Views/Tabs/CountriesTab;
			sourceTree = SOURCE_ROOT;
		};
		5AA9FAE224644843001E6E1A /* Services⚙️ */ = {
			isa = PBXGroup;
			children = (
				5ADAD5C324BC8FED00F946DD /* Protocols */,
				5AA9FAE324644868001E6E1A /* SummaryService.swift */,
				5A2B42B8246B306D00B41317 /* CasesService.swift */,
				5AA9FAEF24648C14001E6E1A /* ServiceLocator.swift */,
			);
			path = "Services⚙️";
			sourceTree = "<group>";
		};
		5AAA2B4D24659CE500EDE0DD /* Networking🛠 */ = {
			isa = PBXGroup;
			children = (
				5A9ADD8F2492517D00D4801E /* Covid19NetworkKit */,
			);
			path = "Networking🛠";
			sourceTree = "<group>";
		};
		5AAA2B712466098800EDE0DD /* Extensions */ = {
			isa = PBXGroup;
			children = (
				5A612922246C966B0001F751 /* Color.swift */,
				5A612921246C966B0001F751 /* Double.swift */,
				5AA9FAE9246459B2001E6E1A /* TypesExt.swift */,
				5A324F592471C3D7001F75A8 /* Constants.swift */,
			);
			path = Extensions;
			sourceTree = "<group>";
		};
		5ADAD5AF24BBBCC400F946DD /* Stubs */ = {
			isa = PBXGroup;
			children = (
				5ADAD5BF24BC8E3300F946DD /* SummaryFake.json */,
				5ADAD5B624BBC2C000F946DD /* CountryCasesFake.json */,
			);
			path = Stubs;
			sourceTree = "<group>";
		};
		5ADAD5BA24BC6CFB00F946DD /* ViewModel */ = {
			isa = PBXGroup;
			children = (
				5ADAD5AD24BBB4FA00F946DD /* CasesViewModelTests.swift */,
				5ADAD5C624BC909800F946DD /* SummaryViewModelTests.swift */,
			);
			path = ViewModel;
			sourceTree = "<group>";
		};
		5ADAD5C324BC8FED00F946DD /* Protocols */ = {
			isa = PBXGroup;
			children = (
				5ADAD5B824BC653700F946DD /* CasesServiceProtocol.swift */,
				5ADAD5C124BC8EDC00F946DD /* SummaryServiceProtocol.swift */,
			);
			path = Protocols;
			sourceTree = "<group>";
		};
		5ADAD5CE24BCE2D500F946DD /* Services */ = {
			isa = PBXGroup;
			children = (
				5ADAD5BD24BC6D4400F946DD /* MockCasesService.swift */,
				5ADAD5C824BC90CF00F946DD /* MockSummaryService.swift */,
			);
			path = Services;
			sourceTree = "<group>";
		};
		5AE1912D24B65B78002F2175 /* CoreData📲 */ = {
			isa = PBXGroup;
			children = (
				5AE1913E24B727E9002F2175 /* Entities */,
				5AE1912A24B65B51002F2175 /* CovidCoreData.xcdatamodeld */,
			);
			path = "CoreData📲";
			sourceTree = "<group>";
		};
		5AE1913E24B727E9002F2175 /* Entities */ = {
			isa = PBXGroup;
			children = (
				5AE1915724B8C048002F2175 /* SummaryObj+CoreDataClass.swift */,
				5AE1915824B8C048002F2175 /* SummaryObj+CoreDataProperties.swift */,
				5AE1914524B72E48002F2175 /* TotalCountryCasesObj+CoreDataClass.swift */,
				5AE1914624B72E48002F2175 /* TotalCountryCasesObj+CoreDataProperties.swift */,
				5AE1914724B72E48002F2175 /* SummaryGlobalObj+CoreDataClass.swift */,
				5AE1914824B72E48002F2175 /* SummaryGlobalObj+CoreDataProperties.swift */,
				5AE1914924B72E48002F2175 /* CountryObj+CoreDataClass.swift */,
				5AE1914A24B72E48002F2175 /* CountryObj+CoreDataProperties.swift */,
			);
			path = Entities;
			sourceTree = "<group>";
		};
		5AEDC1AE2464084800D55970 /* Tests */ = {
			isa = PBXGroup;
			children = (
				5A7593AD24640019005E2255 /* CovidStatTests */,
				5A7593B824640019005E2255 /* CovidStatUITests */,
			);
			path = Tests;
			sourceTree = "<group>";
		};
/* End PBXGroup section */

/* Begin PBXNativeTarget section */
		5A75939324640018005E2255 /* CovidStat */ = {
			isa = PBXNativeTarget;
			buildConfigurationList = 5A7593BE24640019005E2255 /* Build configuration list for PBXNativeTarget "CovidStat" */;
			buildPhases = (
				5A75939024640018005E2255 /* Sources */,
				5A75939124640018005E2255 /* Frameworks */,
				5A75939224640018005E2255 /* Resources */,
			);
			buildRules = (
			);
			dependencies = (
			);
			name = CovidStat;
			packageProductDependencies = (
				5A2B42AB246848DA00B41317 /* SwiftUIRefresh */,
				5A2B42B2246AC95600B41317 /* SwiftUICharts */,
				5A9ADD912492523100D4801E /* Covid19NetworkKit */,
				5A93BC7C24A4AB3D00F45E0A /* Introspect */,
			);
			productName = CovidStat;
			productReference = 5A75939424640018005E2255 /* CovidStats.app */;
			productType = "com.apple.product-type.application";
		};
		5A7593A924640019005E2255 /* CovidStatTests */ = {
			isa = PBXNativeTarget;
			buildConfigurationList = 5A7593C124640019005E2255 /* Build configuration list for PBXNativeTarget "CovidStatTests" */;
			buildPhases = (
				5A7593A624640019005E2255 /* Sources */,
				5A7593A724640019005E2255 /* Frameworks */,
				5A7593A824640019005E2255 /* Resources */,
			);
			buildRules = (
			);
			dependencies = (
				5A7593AC24640019005E2255 /* PBXTargetDependency */,
			);
			name = CovidStatTests;
			productName = CovidStatTests;
			productReference = 5A7593AA24640019005E2255 /* CovidStatTests.xctest */;
			productType = "com.apple.product-type.bundle.unit-test";
		};
		5A7593B424640019005E2255 /* CovidStatUITests */ = {
			isa = PBXNativeTarget;
			buildConfigurationList = 5A7593C424640019005E2255 /* Build configuration list for PBXNativeTarget "CovidStatUITests" */;
			buildPhases = (
				5A7593B124640019005E2255 /* Sources */,
				5A7593B224640019005E2255 /* Frameworks */,
				5A7593B324640019005E2255 /* Resources */,
			);
			buildRules = (
			);
			dependencies = (
				5A7593B724640019005E2255 /* PBXTargetDependency */,
			);
			name = CovidStatUITests;
			productName = CovidStatUITests;
			productReference = 5A7593B524640019005E2255 /* CovidStatUITests.xctest */;
			productType = "com.apple.product-type.bundle.ui-testing";
		};
/* End PBXNativeTarget section */

/* Begin PBXProject section */
		5A75938C24640018005E2255 /* Project object */ = {
			isa = PBXProject;
			attributes = {
				LastSwiftUpdateCheck = 1140;
				LastUpgradeCheck = 1140;
				ORGANIZATIONNAME = "Alexander Kraev";
				TargetAttributes = {
					5A75939324640018005E2255 = {
						CreatedOnToolsVersion = 11.4.1;
					};
					5A7593A924640019005E2255 = {
						CreatedOnToolsVersion = 11.4.1;
						TestTargetID = 5A75939324640018005E2255;
					};
					5A7593B424640019005E2255 = {
						CreatedOnToolsVersion = 11.4.1;
						TestTargetID = 5A75939324640018005E2255;
					};
				};
			};
			buildConfigurationList = 5A75938F24640018005E2255 /* Build configuration list for PBXProject "CovidStat" */;
			compatibilityVersion = "Xcode 9.3";
			developmentRegion = en;
			hasScannedForEncodings = 0;
			knownRegions = (
				en,
				Base,
			);
			mainGroup = 5A75938B24640018005E2255;
			packageReferences = (
				5A2B42AA246848DA00B41317 /* XCRemoteSwiftPackageReference "SwiftUIRefresh" */,
				5A2B42B1246AC95600B41317 /* XCRemoteSwiftPackageReference "ChartView" */,
				5A93BC7B24A4AB3D00F45E0A /* XCRemoteSwiftPackageReference "SwiftUI-Introspect" */,
			);
			productRefGroup = 5A75939524640018005E2255 /* Products */;
			projectDirPath = "";
			projectRoot = "";
			targets = (
				5A75939324640018005E2255 /* CovidStat */,
				5A7593A924640019005E2255 /* CovidStatTests */,
				5A7593B424640019005E2255 /* CovidStatUITests */,
			);
		};
/* End PBXProject section */

/* Begin PBXResourcesBuildPhase section */
		5A75939224640018005E2255 /* Resources */ = {
			isa = PBXResourcesBuildPhase;
			buildActionMask = 2147483647;
			files = (
				5A324F6E24729ED8001F75A8 /* AppIcon58x58.png in Resources */,
				5A324F7024729ED8001F75A8 /* AppIcon180x180.png in Resources */,
				5A7593A424640019005E2255 /* LaunchScreen.storyboard in Resources */,
				5A324F7B2472A1BC001F75A8 /* AboutIcon@2x.png in Resources */,
				5A324F7124729ED8001F75A8 /* AppIcon152x152.png in Resources */,
				5A324F6924729ED8001F75A8 /* AppIcon80x80.png in Resources */,
				5A324F7D2472A1BC001F75A8 /* AboutIcon.png in Resources */,
				5A324F7324729ED8001F75A8 /* AppIcon87x87.png in Resources */,
				5A7593A124640019005E2255 /* Preview Assets.xcassets in Resources */,
				5A324F7624729F84001F75A8 /* AppIcon1024x1024.png in Resources */,
				5A324F7424729ED8001F75A8 /* AppIcon40x40.png in Resources */,
				5A324F7C2472A1BC001F75A8 /* AboutIcon@3x.png in Resources */,
				5A324F7224729ED8001F75A8 /* AppIcon120x120.png in Resources */,
				5A324F6D24729ED8001F75A8 /* AppIcon167x167.png in Resources */,
				5A324F6B24729ED8001F75A8 /* AppIcon76x76.png in Resources */,
				5A324F7F2472DEB1001F75A8 /* AppIcon1024x1024.jpg in Resources */,
				5A324F6C24729ED8001F75A8 /* AppIcon29x29.png in Resources */,
				5A75939E24640019005E2255 /* Assets.xcassets in Resources */,
				5A324F6A24729ED8001F75A8 /* AppIcon20x20.png in Resources */,
				5A324F6F24729ED8001F75A8 /* AppIcon60x60.png in Resources */,
			);
			runOnlyForDeploymentPostprocessing = 0;
		};
		5A7593A824640019005E2255 /* Resources */ = {
			isa = PBXResourcesBuildPhase;
			buildActionMask = 2147483647;
			files = (
				5ADAD5B724BBC2C000F946DD /* CountryCasesFake.json in Resources */,
				5ADAD5C024BC8E3300F946DD /* SummaryFake.json in Resources */,
			);
			runOnlyForDeploymentPostprocessing = 0;
		};
		5A7593B324640019005E2255 /* Resources */ = {
			isa = PBXResourcesBuildPhase;
			buildActionMask = 2147483647;
			files = (
			);
			runOnlyForDeploymentPostprocessing = 0;
		};
/* End PBXResourcesBuildPhase section */

/* Begin PBXSourcesBuildPhase section */
		5A75939024640018005E2255 /* Sources */ = {
			isa = PBXSourcesBuildPhase;
			buildActionMask = 2147483647;
			files = (
				5AA9FAE424644868001E6E1A /* SummaryService.swift in Sources */,
				5A612937246C985D0001F751 /* SlideData.swift in Sources */,
				5AE1915A24B8C048002F2175 /* SummaryObj+CoreDataProperties.swift in Sources */,
				5A612938246C985D0001F751 /* DataItem.swift in Sources */,
				5ADAD5C224BC8EDC00F946DD /* SummaryServiceProtocol.swift in Sources */,
				5AE1914D24B72E48002F2175 /* TotalCountryCasesObj+CoreDataClass.swift in Sources */,
				5AA851B0246DD04F0003D74D /* AboutView.swift in Sources */,
				5AA9FAEC24645C90001E6E1A /* SummaryViewModel.swift in Sources */,
				5A612939246C985D0001F751 /* PieChartData.swift in Sources */,
				5ADAD5B924BC653700F946DD /* CasesServiceProtocol.swift in Sources */,
				5AA9FAF024648C14001E6E1A /* ServiceLocator.swift in Sources */,
				5A2B42BB246B42DE00B41317 /* CasesViewModel.swift in Sources */,
				5AE1915924B8C048002F2175 /* SummaryObj+CoreDataClass.swift in Sources */,
				5A2B42B9246B306D00B41317 /* CasesService.swift in Sources */,
				5A324F5A2471C3D7001F75A8 /* Constants.swift in Sources */,
				5A75939824640018005E2255 /* AppDelegate.swift in Sources */,
				5A612924246C966B0001F751 /* Color.swift in Sources */,
				5AE1912C24B65B51002F2175 /* CovidCoreData.xcdatamodeld in Sources */,
				5A75939A24640018005E2255 /* SceneDelegate.swift in Sources */,
				5A612930246C96E60001F751 /* PieChartSlide.swift in Sources */,
				5A61292F246C96E60001F751 /* PieChart.swift in Sources */,
				5AE1914F24B72E48002F2175 /* SummaryGlobalObj+CoreDataClass.swift in Sources */,
				5AA851AE246DD04F0003D74D /* CountryDetailView.swift in Sources */,
				5A4DAD8F249398A100707275 /* SummaryStoreActions.swift in Sources */,
				5A4DAD8D249391BC00707275 /* SummaryStore.swift in Sources */,
				5AA851AD246DD04F0003D74D /* CountriesView.swift in Sources */,
				5AA851AF246DD04F0003D74D /* CountryRow.swift in Sources */,
				5A2B429C2466DAAF00B41317 /* SearchBar.swift in Sources */,
				5AE1915024B72E48002F2175 /* SummaryGlobalObj+CoreDataProperties.swift in Sources */,
				5AE1915224B72E48002F2175 /* CountryObj+CoreDataProperties.swift in Sources */,
				5AEDC1B0246408A300D55970 /* ContentView.swift in Sources */,
				5AE1914E24B72E48002F2175 /* TotalCountryCasesObj+CoreDataProperties.swift in Sources */,
				5AA851B1246DD04F0003D74D /* SummaryView.swift in Sources */,
				5A612923246C966B0001F751 /* Double.swift in Sources */,
				5AE1915124B72E48002F2175 /* CountryObj+CoreDataClass.swift in Sources */,
				5AA9FAEA246459B2001E6E1A /* TypesExt.swift in Sources */,
			);
			runOnlyForDeploymentPostprocessing = 0;
		};
		5A7593A624640019005E2255 /* Sources */ = {
			isa = PBXSourcesBuildPhase;
			buildActionMask = 2147483647;
			files = (
				5ADAD5C924BC90CF00F946DD /* MockSummaryService.swift in Sources */,
				5ADAD5AE24BBB4FA00F946DD /* CasesViewModelTests.swift in Sources */,
				5ADAD5C724BC909800F946DD /* SummaryViewModelTests.swift in Sources */,
				5ADAD5B324BBBD4A00F946DD /* XCTestCaseExt.swift in Sources */,
				5ADAD5BE24BC6D4400F946DD /* MockCasesService.swift in Sources */,
			);
			runOnlyForDeploymentPostprocessing = 0;
		};
		5A7593B124640019005E2255 /* Sources */ = {
			isa = PBXSourcesBuildPhase;
			buildActionMask = 2147483647;
			files = (
				5A7593BA24640019005E2255 /* CovidStatUITests.swift in Sources */,
			);
			runOnlyForDeploymentPostprocessing = 0;
		};
/* End PBXSourcesBuildPhase section */

/* Begin PBXTargetDependency section */
		5A7593AC24640019005E2255 /* PBXTargetDependency */ = {
			isa = PBXTargetDependency;
			target = 5A75939324640018005E2255 /* CovidStat */;
			targetProxy = 5A7593AB24640019005E2255 /* PBXContainerItemProxy */;
		};
		5A7593B724640019005E2255 /* PBXTargetDependency */ = {
			isa = PBXTargetDependency;
			target = 5A75939324640018005E2255 /* CovidStat */;
			targetProxy = 5A7593B624640019005E2255 /* PBXContainerItemProxy */;
		};
/* End PBXTargetDependency section */

/* Begin PBXVariantGroup section */
		5A7593A224640019005E2255 /* LaunchScreen.storyboard */ = {
			isa = PBXVariantGroup;
			children = (
				5A7593A324640019005E2255 /* Base */,
			);
			name = LaunchScreen.storyboard;
			sourceTree = "<group>";
		};
/* End PBXVariantGroup section */

/* Begin XCBuildConfiguration section */
		5A7593BC24640019005E2255 /* Debug */ = {
			isa = XCBuildConfiguration;
			buildSettings = {
				ALWAYS_SEARCH_USER_PATHS = NO;
				CLANG_ANALYZER_NONNULL = YES;
				CLANG_ANALYZER_NUMBER_OBJECT_CONVERSION = YES_AGGRESSIVE;
				CLANG_CXX_LANGUAGE_STANDARD = "gnu++14";
				CLANG_CXX_LIBRARY = "libc++";
				CLANG_ENABLE_MODULES = YES;
				CLANG_ENABLE_OBJC_ARC = YES;
				CLANG_ENABLE_OBJC_WEAK = YES;
				CLANG_WARN_BLOCK_CAPTURE_AUTORELEASING = YES;
				CLANG_WARN_BOOL_CONVERSION = YES;
				CLANG_WARN_COMMA = YES;
				CLANG_WARN_CONSTANT_CONVERSION = YES;
				CLANG_WARN_DEPRECATED_OBJC_IMPLEMENTATIONS = YES;
				CLANG_WARN_DIRECT_OBJC_ISA_USAGE = YES_ERROR;
				CLANG_WARN_DOCUMENTATION_COMMENTS = YES;
				CLANG_WARN_EMPTY_BODY = YES;
				CLANG_WARN_ENUM_CONVERSION = YES;
				CLANG_WARN_INFINITE_RECURSION = YES;
				CLANG_WARN_INT_CONVERSION = YES;
				CLANG_WARN_NON_LITERAL_NULL_CONVERSION = YES;
				CLANG_WARN_OBJC_IMPLICIT_RETAIN_SELF = YES;
				CLANG_WARN_OBJC_LITERAL_CONVERSION = YES;
				CLANG_WARN_OBJC_ROOT_CLASS = YES_ERROR;
				CLANG_WARN_RANGE_LOOP_ANALYSIS = YES;
				CLANG_WARN_STRICT_PROTOTYPES = YES;
				CLANG_WARN_SUSPICIOUS_MOVE = YES;
				CLANG_WARN_UNGUARDED_AVAILABILITY = YES_AGGRESSIVE;
				CLANG_WARN_UNREACHABLE_CODE = YES;
				CLANG_WARN__DUPLICATE_METHOD_MATCH = YES;
				COPY_PHASE_STRIP = NO;
				DEBUG_INFORMATION_FORMAT = dwarf;
				ENABLE_STRICT_OBJC_MSGSEND = YES;
				ENABLE_TESTABILITY = YES;
				GCC_C_LANGUAGE_STANDARD = gnu11;
				GCC_DYNAMIC_NO_PIC = NO;
				GCC_NO_COMMON_BLOCKS = YES;
				GCC_OPTIMIZATION_LEVEL = 0;
				GCC_PREPROCESSOR_DEFINITIONS = (
					"DEBUG=1",
					"$(inherited)",
				);
				GCC_WARN_64_TO_32_BIT_CONVERSION = YES;
				GCC_WARN_ABOUT_RETURN_TYPE = YES_ERROR;
				GCC_WARN_UNDECLARED_SELECTOR = YES;
				GCC_WARN_UNINITIALIZED_AUTOS = YES_AGGRESSIVE;
				GCC_WARN_UNUSED_FUNCTION = YES;
				GCC_WARN_UNUSED_VARIABLE = YES;
				IPHONEOS_DEPLOYMENT_TARGET = 13.4;
				MTL_ENABLE_DEBUG_INFO = INCLUDE_SOURCE;
				MTL_FAST_MATH = YES;
				ONLY_ACTIVE_ARCH = YES;
				SDKROOT = iphoneos;
				SWIFT_ACTIVE_COMPILATION_CONDITIONS = DEBUG;
				SWIFT_OPTIMIZATION_LEVEL = "-Onone";
			};
			name = Debug;
		};
		5A7593BD24640019005E2255 /* Release */ = {
			isa = XCBuildConfiguration;
			buildSettings = {
				ALWAYS_SEARCH_USER_PATHS = NO;
				CLANG_ANALYZER_NONNULL = YES;
				CLANG_ANALYZER_NUMBER_OBJECT_CONVERSION = YES_AGGRESSIVE;
				CLANG_CXX_LANGUAGE_STANDARD = "gnu++14";
				CLANG_CXX_LIBRARY = "libc++";
				CLANG_ENABLE_MODULES = YES;
				CLANG_ENABLE_OBJC_ARC = YES;
				CLANG_ENABLE_OBJC_WEAK = YES;
				CLANG_WARN_BLOCK_CAPTURE_AUTORELEASING = YES;
				CLANG_WARN_BOOL_CONVERSION = YES;
				CLANG_WARN_COMMA = YES;
				CLANG_WARN_CONSTANT_CONVERSION = YES;
				CLANG_WARN_DEPRECATED_OBJC_IMPLEMENTATIONS = YES;
				CLANG_WARN_DIRECT_OBJC_ISA_USAGE = YES_ERROR;
				CLANG_WARN_DOCUMENTATION_COMMENTS = YES;
				CLANG_WARN_EMPTY_BODY = YES;
				CLANG_WARN_ENUM_CONVERSION = YES;
				CLANG_WARN_INFINITE_RECURSION = YES;
				CLANG_WARN_INT_CONVERSION = YES;
				CLANG_WARN_NON_LITERAL_NULL_CONVERSION = YES;
				CLANG_WARN_OBJC_IMPLICIT_RETAIN_SELF = YES;
				CLANG_WARN_OBJC_LITERAL_CONVERSION = YES;
				CLANG_WARN_OBJC_ROOT_CLASS = YES_ERROR;
				CLANG_WARN_RANGE_LOOP_ANALYSIS = YES;
				CLANG_WARN_STRICT_PROTOTYPES = YES;
				CLANG_WARN_SUSPICIOUS_MOVE = YES;
				CLANG_WARN_UNGUARDED_AVAILABILITY = YES_AGGRESSIVE;
				CLANG_WARN_UNREACHABLE_CODE = YES;
				CLANG_WARN__DUPLICATE_METHOD_MATCH = YES;
				COPY_PHASE_STRIP = NO;
				DEBUG_INFORMATION_FORMAT = "dwarf-with-dsym";
				ENABLE_NS_ASSERTIONS = NO;
				ENABLE_STRICT_OBJC_MSGSEND = YES;
				GCC_C_LANGUAGE_STANDARD = gnu11;
				GCC_NO_COMMON_BLOCKS = YES;
				GCC_WARN_64_TO_32_BIT_CONVERSION = YES;
				GCC_WARN_ABOUT_RETURN_TYPE = YES_ERROR;
				GCC_WARN_UNDECLARED_SELECTOR = YES;
				GCC_WARN_UNINITIALIZED_AUTOS = YES_AGGRESSIVE;
				GCC_WARN_UNUSED_FUNCTION = YES;
				GCC_WARN_UNUSED_VARIABLE = YES;
				IPHONEOS_DEPLOYMENT_TARGET = 13.4;
				MTL_ENABLE_DEBUG_INFO = NO;
				MTL_FAST_MATH = YES;
				SDKROOT = iphoneos;
				SWIFT_COMPILATION_MODE = wholemodule;
				SWIFT_OPTIMIZATION_LEVEL = "-O";
				VALIDATE_PRODUCT = YES;
			};
			name = Release;
		};
		5A7593BF24640019005E2255 /* Debug */ = {
			isa = XCBuildConfiguration;
			buildSettings = {
				ASSETCATALOG_COMPILER_APPICON_NAME = AppIcon;
				CODE_SIGN_ENTITLEMENTS = CovidStat/CovidStats.entitlements;
				CODE_SIGN_IDENTITY = "Apple Development";
				"CODE_SIGN_IDENTITY[sdk=macosx*]" = "Apple Development";
				CODE_SIGN_STYLE = Automatic;
				CURRENT_PROJECT_VERSION = 2;
				DEVELOPMENT_ASSET_PATHS = "\"CovidStat/SupportingFiles/Preview Content\"";
				DEVELOPMENT_TEAM = TP33793R45;
				ENABLE_PREVIEWS = YES;
				INFOPLIST_FILE = CovidStat/SupportingFiles/Info.plist;
				IPHONEOS_DEPLOYMENT_TARGET = 13.0;
				LD_RUNPATH_SEARCH_PATHS = (
					"$(inherited)",
					"@executable_path/Frameworks",
				);
				MARKETING_VERSION = 1.0.0;
				PRODUCT_BUNDLE_IDENTIFIER = com.lexkraev.CovidStats;
				"PRODUCT_BUNDLE_IDENTIFIER[sdk=macosx*]" = com.lexkraev.CovidStats;
				PRODUCT_NAME = CovidStats;
				PROVISIONING_PROFILE_SPECIFIER = "";
				"PROVISIONING_PROFILE_SPECIFIER[sdk=macosx*]" = "";
				SUPPORTS_MACCATALYST = YES;
				SWIFT_VERSION = 5.0;
				TARGETED_DEVICE_FAMILY = "1,2";
			};
			name = Debug;
		};
		5A7593C024640019005E2255 /* Release */ = {
			isa = XCBuildConfiguration;
			buildSettings = {
				ASSETCATALOG_COMPILER_APPICON_NAME = AppIcon;
				CODE_SIGN_ENTITLEMENTS = CovidStat/CovidStats.entitlements;
				CODE_SIGN_IDENTITY = "Apple Development";
				"CODE_SIGN_IDENTITY[sdk=macosx*]" = "Apple Development";
				CODE_SIGN_STYLE = Automatic;
				CURRENT_PROJECT_VERSION = 2;
				DEVELOPMENT_ASSET_PATHS = "\"CovidStat/SupportingFiles/Preview Content\"";
				DEVELOPMENT_TEAM = TP33793R45;
				ENABLE_PREVIEWS = YES;
				INFOPLIST_FILE = CovidStat/SupportingFiles/Info.plist;
				IPHONEOS_DEPLOYMENT_TARGET = 13.0;
				LD_RUNPATH_SEARCH_PATHS = (
					"$(inherited)",
					"@executable_path/Frameworks",
				);
				MARKETING_VERSION = 1.0.0;
				PRODUCT_BUNDLE_IDENTIFIER = com.lexkraev.CovidStats;
				"PRODUCT_BUNDLE_IDENTIFIER[sdk=macosx*]" = com.lexkraev.CovidStats;
				PRODUCT_NAME = CovidStats;
				PROVISIONING_PROFILE_SPECIFIER = "";
				"PROVISIONING_PROFILE_SPECIFIER[sdk=macosx*]" = "";
				SUPPORTS_MACCATALYST = YES;
				SWIFT_VERSION = 5.0;
				TARGETED_DEVICE_FAMILY = "1,2";
			};
			name = Release;
		};
		5A7593C224640019005E2255 /* Debug */ = {
			isa = XCBuildConfiguration;
			buildSettings = {
				ALWAYS_EMBED_SWIFT_STANDARD_LIBRARIES = YES;
				BUNDLE_LOADER = "$(TEST_HOST)";
				CODE_SIGN_STYLE = Automatic;
				INFOPLIST_FILE = Tests/CovidStatTests/Info.plist;
				IPHONEOS_DEPLOYMENT_TARGET = 13.4;
				LD_RUNPATH_SEARCH_PATHS = (
					"$(inherited)",
					"@executable_path/Frameworks",
					"@loader_path/Frameworks",
				);
				PRODUCT_BUNDLE_IDENTIFIER = com.lexkraev.CovidStatTests;
				PRODUCT_NAME = "$(TARGET_NAME)";
				SWIFT_VERSION = 5.0;
				TARGETED_DEVICE_FAMILY = "1,2";
				TEST_HOST = "$(BUILT_PRODUCTS_DIR)/CovidStats.app/CovidStats";
			};
			name = Debug;
		};
		5A7593C324640019005E2255 /* Release */ = {
			isa = XCBuildConfiguration;
			buildSettings = {
				ALWAYS_EMBED_SWIFT_STANDARD_LIBRARIES = YES;
				BUNDLE_LOADER = "$(TEST_HOST)";
				CODE_SIGN_STYLE = Automatic;
				INFOPLIST_FILE = Tests/CovidStatTests/Info.plist;
				IPHONEOS_DEPLOYMENT_TARGET = 13.4;
				LD_RUNPATH_SEARCH_PATHS = (
					"$(inherited)",
					"@executable_path/Frameworks",
					"@loader_path/Frameworks",
				);
				PRODUCT_BUNDLE_IDENTIFIER = com.lexkraev.CovidStatTests;
				PRODUCT_NAME = "$(TARGET_NAME)";
				SWIFT_VERSION = 5.0;
				TARGETED_DEVICE_FAMILY = "1,2";
				TEST_HOST = "$(BUILT_PRODUCTS_DIR)/CovidStats.app/CovidStats";
			};
			name = Release;
		};
		5A7593C524640019005E2255 /* Debug */ = {
			isa = XCBuildConfiguration;
			buildSettings = {
				ALWAYS_EMBED_SWIFT_STANDARD_LIBRARIES = YES;
				CODE_SIGN_STYLE = Automatic;
				INFOPLIST_FILE = Tests/CovidStatUITests/Info.plist;
				LD_RUNPATH_SEARCH_PATHS = (
					"$(inherited)",
					"@executable_path/Frameworks",
					"@loader_path/Frameworks",
				);
				PRODUCT_BUNDLE_IDENTIFIER = com.lexkraev.CovidStatUITests;
				PRODUCT_NAME = "$(TARGET_NAME)";
				SWIFT_VERSION = 5.0;
				TARGETED_DEVICE_FAMILY = "1,2";
				TEST_TARGET_NAME = CovidStat;
			};
			name = Debug;
		};
		5A7593C624640019005E2255 /* Release */ = {
			isa = XCBuildConfiguration;
			buildSettings = {
				ALWAYS_EMBED_SWIFT_STANDARD_LIBRARIES = YES;
				CODE_SIGN_STYLE = Automatic;
				INFOPLIST_FILE = Tests/CovidStatUITests/Info.plist;
				LD_RUNPATH_SEARCH_PATHS = (
					"$(inherited)",
					"@executable_path/Frameworks",
					"@loader_path/Frameworks",
				);
				PRODUCT_BUNDLE_IDENTIFIER = com.lexkraev.CovidStatUITests;
				PRODUCT_NAME = "$(TARGET_NAME)";
				SWIFT_VERSION = 5.0;
				TARGETED_DEVICE_FAMILY = "1,2";
				TEST_TARGET_NAME = CovidStat;
			};
			name = Release;
		};
/* End XCBuildConfiguration section */

/* Begin XCConfigurationList section */
		5A75938F24640018005E2255 /* Build configuration list for PBXProject "CovidStat" */ = {
			isa = XCConfigurationList;
			buildConfigurations = (
				5A7593BC24640019005E2255 /* Debug */,
				5A7593BD24640019005E2255 /* Release */,
			);
			defaultConfigurationIsVisible = 0;
			defaultConfigurationName = Release;
		};
		5A7593BE24640019005E2255 /* Build configuration list for PBXNativeTarget "CovidStat" */ = {
			isa = XCConfigurationList;
			buildConfigurations = (
				5A7593BF24640019005E2255 /* Debug */,
				5A7593C024640019005E2255 /* Release */,
			);
			defaultConfigurationIsVisible = 0;
			defaultConfigurationName = Release;
		};
		5A7593C124640019005E2255 /* Build configuration list for PBXNativeTarget "CovidStatTests" */ = {
			isa = XCConfigurationList;
			buildConfigurations = (
				5A7593C224640019005E2255 /* Debug */,
				5A7593C324640019005E2255 /* Release */,
			);
			defaultConfigurationIsVisible = 0;
			defaultConfigurationName = Release;
		};
		5A7593C424640019005E2255 /* Build configuration list for PBXNativeTarget "CovidStatUITests" */ = {
			isa = XCConfigurationList;
			buildConfigurations = (
				5A7593C524640019005E2255 /* Debug */,
				5A7593C624640019005E2255 /* Release */,
			);
			defaultConfigurationIsVisible = 0;
			defaultConfigurationName = Release;
		};
/* End XCConfigurationList section */

/* Begin XCRemoteSwiftPackageReference section */
		5A2B42AA246848DA00B41317 /* XCRemoteSwiftPackageReference "SwiftUIRefresh" */ = {
			isa = XCRemoteSwiftPackageReference;
			repositoryURL = "https://github.com/timbersoftware/SwiftUIRefresh.git";
			requirement = {
				kind = upToNextMajorVersion;
				minimumVersion = 0.0.3;
			};
		};
		5A2B42B1246AC95600B41317 /* XCRemoteSwiftPackageReference "ChartView" */ = {
			isa = XCRemoteSwiftPackageReference;
			repositoryURL = "https://github.com/AppPear/ChartView";
			requirement = {
				kind = upToNextMajorVersion;
				minimumVersion = 1.5.0;
			};
		};
		5A93BC7B24A4AB3D00F45E0A /* XCRemoteSwiftPackageReference "SwiftUI-Introspect" */ = {
			isa = XCRemoteSwiftPackageReference;
			repositoryURL = "https://github.com/timbersoftware/SwiftUI-Introspect.git";
			requirement = {
				branch = master;
				kind = branch;
			};
		};
/* End XCRemoteSwiftPackageReference section */

/* Begin XCSwiftPackageProductDependency section */
		5A2B42AB246848DA00B41317 /* SwiftUIRefresh */ = {
			isa = XCSwiftPackageProductDependency;
			package = 5A2B42AA246848DA00B41317 /* XCRemoteSwiftPackageReference "SwiftUIRefresh" */;
			productName = SwiftUIRefresh;
		};
		5A2B42B2246AC95600B41317 /* SwiftUICharts */ = {
			isa = XCSwiftPackageProductDependency;
			package = 5A2B42B1246AC95600B41317 /* XCRemoteSwiftPackageReference "ChartView" */;
			productName = SwiftUICharts;
		};
		5A93BC7C24A4AB3D00F45E0A /* Introspect */ = {
			isa = XCSwiftPackageProductDependency;
			package = 5A93BC7B24A4AB3D00F45E0A /* XCRemoteSwiftPackageReference "SwiftUI-Introspect" */;
			productName = Introspect;
		};
		5A9ADD912492523100D4801E /* Covid19NetworkKit */ = {
			isa = XCSwiftPackageProductDependency;
			productName = Covid19NetworkKit;
		};
/* End XCSwiftPackageProductDependency section */

/* Begin XCVersionGroup section */
		5AE1912A24B65B51002F2175 /* CovidCoreData.xcdatamodeld */ = {
			isa = XCVersionGroup;
			children = (
				5AE1912B24B65B51002F2175 /* CovidCoreData.xcdatamodel */,
			);
			currentVersion = 5AE1912B24B65B51002F2175 /* CovidCoreData.xcdatamodel */;
			path = CovidCoreData.xcdatamodeld;
			sourceTree = "<group>";
			versionGroupType = wrapper.xcdatamodel;
		};
/* End XCVersionGroup section */
	};
	rootObject = 5A75938C24640018005E2255 /* Project object */;
}
