// !$*UTF8*$!
{
	archiveVersion = 1;
	classes = {
	};
	objectVersion = 50;
	objects = {

/* Begin PBXBuildFile section */
		5A75939824640018005E2255 /* AppDelegate.swift in Sources */ = {isa = PBXBuildFile; fileRef = 5A75939724640018005E2255 /* AppDelegate.swift */; };
		5A75939A24640018005E2255 /* SceneDelegate.swift in Sources */ = {isa = PBXBuildFile; fileRef = 5A75939924640018005E2255 /* SceneDelegate.swift */; };
		5A75939E24640019005E2255 /* Assets.xcassets in Resources */ = {isa = PBXBuildFile; fileRef = 5A75939D24640019005E2255 /* Assets.xcassets */; };
		5A7593A124640019005E2255 /* Preview Assets.xcassets in Resources */ = {isa = PBXBuildFile; fileRef = 5A7593A024640019005E2255 /* Preview Assets.xcassets */; };
		5A7593A424640019005E2255 /* LaunchScreen.storyboard in Resources */ = {isa = PBXBuildFile; fileRef = 5A7593A224640019005E2255 /* LaunchScreen.storyboard */; };
		5A7593AF24640019005E2255 /* CovidStatTests.swift in Sources */ = {isa = PBXBuildFile; fileRef = 5A7593AE24640019005E2255 /* CovidStatTests.swift */; };
		5A7593BA24640019005E2255 /* CovidStatUITests.swift in Sources */ = {isa = PBXBuildFile; fileRef = 5A7593B924640019005E2255 /* CovidStatUITests.swift */; };
		5A99552624660B490027BA61 /* SummaryGlobal.swift in Sources */ = {isa = PBXBuildFile; fileRef = 5A99552324660B490027BA61 /* SummaryGlobal.swift */; };
		5A99552724660B490027BA61 /* Summary.swift in Sources */ = {isa = PBXBuildFile; fileRef = 5A99552424660B490027BA61 /* Summary.swift */; };
		5A99552824660B490027BA61 /* Country.swift in Sources */ = {isa = PBXBuildFile; fileRef = 5A99552524660B490027BA61 /* Country.swift */; };
		5AA9FAE1246440C6001E6E1A /* AboutView.swift in Sources */ = {isa = PBXBuildFile; fileRef = 5AA9FAE0246440C6001E6E1A /* AboutView.swift */; };
		5AA9FAE424644868001E6E1A /* SummaryService.swift in Sources */ = {isa = PBXBuildFile; fileRef = 5AA9FAE324644868001E6E1A /* SummaryService.swift */; };
		5AA9FAEA246459B2001E6E1A /* TypesExt.swift in Sources */ = {isa = PBXBuildFile; fileRef = 5AA9FAE9246459B2001E6E1A /* TypesExt.swift */; };
		5AA9FAEC24645C90001E6E1A /* SummaryViewModel.swift in Sources */ = {isa = PBXBuildFile; fileRef = 5AA9FAEB24645C90001E6E1A /* SummaryViewModel.swift */; };
		5AA9FAEE24648815001E6E1A /* SummaryView.swift in Sources */ = {isa = PBXBuildFile; fileRef = 5AA9FAED24648815001E6E1A /* SummaryView.swift */; };
		5AA9FAF024648C14001E6E1A /* ServiceLocator.swift in Sources */ = {isa = PBXBuildFile; fileRef = 5AA9FAEF24648C14001E6E1A /* ServiceLocator.swift */; };
		5AAA2B5F24659CE500EDE0DD /* APIHelper.swift in Sources */ = {isa = PBXBuildFile; fileRef = 5AAA2B4E24659CE500EDE0DD /* APIHelper.swift */; };
		5AAA2B6024659CE500EDE0DD /* URLSessionImplementations.swift in Sources */ = {isa = PBXBuildFile; fileRef = 5AAA2B4F24659CE500EDE0DD /* URLSessionImplementations.swift */; };
		5AAA2B6124659CE500EDE0DD /* SummaryOfTotalCasesAPI.swift in Sources */ = {isa = PBXBuildFile; fileRef = 5AAA2B5124659CE500EDE0DD /* SummaryOfTotalCasesAPI.swift */; };
		5AAA2B6224659CE500EDE0DD /* CodableHelper.swift in Sources */ = {isa = PBXBuildFile; fileRef = 5AAA2B5224659CE500EDE0DD /* CodableHelper.swift */; };
		5AAA2B6324659CE500EDE0DD /* APIs.swift in Sources */ = {isa = PBXBuildFile; fileRef = 5AAA2B5324659CE500EDE0DD /* APIs.swift */; };
		5AAA2B6424659CE500EDE0DD /* OpenISO8601DateFormatter.swift in Sources */ = {isa = PBXBuildFile; fileRef = 5AAA2B5424659CE500EDE0DD /* OpenISO8601DateFormatter.swift */; };
		5AAA2B6824659CE500EDE0DD /* Extensions.swift in Sources */ = {isa = PBXBuildFile; fileRef = 5AAA2B5924659CE500EDE0DD /* Extensions.swift */; };
		5AAA2B6924659CE500EDE0DD /* JSONDataEncoding.swift in Sources */ = {isa = PBXBuildFile; fileRef = 5AAA2B5A24659CE500EDE0DD /* JSONDataEncoding.swift */; };
		5AAA2B6A24659CE500EDE0DD /* JSONEncodingHelper.swift in Sources */ = {isa = PBXBuildFile; fileRef = 5AAA2B5B24659CE500EDE0DD /* JSONEncodingHelper.swift */; };
		5AAA2B6B24659CE500EDE0DD /* Models.swift in Sources */ = {isa = PBXBuildFile; fileRef = 5AAA2B5C24659CE500EDE0DD /* Models.swift */; };
		5AAA2B6C24659CE500EDE0DD /* SynchronizedDictionary.swift in Sources */ = {isa = PBXBuildFile; fileRef = 5AAA2B5D24659CE500EDE0DD /* SynchronizedDictionary.swift */; };
		5AAA2B6D24659CE500EDE0DD /* Configuration.swift in Sources */ = {isa = PBXBuildFile; fileRef = 5AAA2B5E24659CE500EDE0DD /* Configuration.swift */; };
		5AEDC1B0246408A300D55970 /* ContentView.swift in Sources */ = {isa = PBXBuildFile; fileRef = 5AEDC1AF246408A300D55970 /* ContentView.swift */; };
/* End PBXBuildFile section */

/* Begin PBXContainerItemProxy section */
		5A7593AB24640019005E2255 /* PBXContainerItemProxy */ = {
			isa = PBXContainerItemProxy;
			containerPortal = 5A75938C24640018005E2255 /* Project object */;
			proxyType = 1;
			remoteGlobalIDString = 5A75939324640018005E2255;
			remoteInfo = CovidStat;
		};
		5A7593B624640019005E2255 /* PBXContainerItemProxy */ = {
			isa = PBXContainerItemProxy;
			containerPortal = 5A75938C24640018005E2255 /* Project object */;
			proxyType = 1;
			remoteGlobalIDString = 5A75939324640018005E2255;
			remoteInfo = CovidStat;
		};
/* End PBXContainerItemProxy section */

/* Begin PBXFileReference section */
		5A75939424640018005E2255 /* CovidStat.app */ = {isa = PBXFileReference; explicitFileType = wrapper.application; includeInIndex = 0; path = CovidStat.app; sourceTree = BUILT_PRODUCTS_DIR; };
		5A75939724640018005E2255 /* AppDelegate.swift */ = {isa = PBXFileReference; lastKnownFileType = sourcecode.swift; path = AppDelegate.swift; sourceTree = "<group>"; };
		5A75939924640018005E2255 /* SceneDelegate.swift */ = {isa = PBXFileReference; lastKnownFileType = sourcecode.swift; path = SceneDelegate.swift; sourceTree = "<group>"; };
		5A75939D24640019005E2255 /* Assets.xcassets */ = {isa = PBXFileReference; lastKnownFileType = folder.assetcatalog; path = Assets.xcassets; sourceTree = "<group>"; };
		5A7593A024640019005E2255 /* Preview Assets.xcassets */ = {isa = PBXFileReference; lastKnownFileType = folder.assetcatalog; path = "Preview Assets.xcassets"; sourceTree = "<group>"; };
		5A7593A324640019005E2255 /* Base */ = {isa = PBXFileReference; lastKnownFileType = file.storyboard; name = Base; path = Base.lproj/LaunchScreen.storyboard; sourceTree = "<group>"; };
		5A7593AA24640019005E2255 /* CovidStatTests.xctest */ = {isa = PBXFileReference; explicitFileType = wrapper.cfbundle; includeInIndex = 0; path = CovidStatTests.xctest; sourceTree = BUILT_PRODUCTS_DIR; };
		5A7593AE24640019005E2255 /* CovidStatTests.swift */ = {isa = PBXFileReference; lastKnownFileType = sourcecode.swift; path = CovidStatTests.swift; sourceTree = "<group>"; };
		5A7593B024640019005E2255 /* Info.plist */ = {isa = PBXFileReference; lastKnownFileType = text.plist.xml; path = Info.plist; sourceTree = "<group>"; };
		5A7593B524640019005E2255 /* CovidStatUITests.xctest */ = {isa = PBXFileReference; explicitFileType = wrapper.cfbundle; includeInIndex = 0; path = CovidStatUITests.xctest; sourceTree = BUILT_PRODUCTS_DIR; };
		5A7593B924640019005E2255 /* CovidStatUITests.swift */ = {isa = PBXFileReference; lastKnownFileType = sourcecode.swift; path = CovidStatUITests.swift; sourceTree = "<group>"; };
		5A7593BB24640019005E2255 /* Info.plist */ = {isa = PBXFileReference; lastKnownFileType = text.plist.xml; path = Info.plist; sourceTree = "<group>"; };
		5A99552324660B490027BA61 /* SummaryGlobal.swift */ = {isa = PBXFileReference; fileEncoding = 4; lastKnownFileType = sourcecode.swift; path = SummaryGlobal.swift; sourceTree = "<group>"; };
		5A99552424660B490027BA61 /* Summary.swift */ = {isa = PBXFileReference; fileEncoding = 4; lastKnownFileType = sourcecode.swift; path = Summary.swift; sourceTree = "<group>"; };
		5A99552524660B490027BA61 /* Country.swift */ = {isa = PBXFileReference; fileEncoding = 4; lastKnownFileType = sourcecode.swift; path = Country.swift; sourceTree = "<group>"; };
		5AA9FADD24640948001E6E1A /* Info.plist */ = {isa = PBXFileReference; fileEncoding = 4; lastKnownFileType = text.plist.xml; path = Info.plist; sourceTree = "<group>"; };
		5AA9FAE0246440C6001E6E1A /* AboutView.swift */ = {isa = PBXFileReference; lastKnownFileType = sourcecode.swift; name = AboutView.swift; path = CovidStat/Views/AboutView.swift; sourceTree = SOURCE_ROOT; };
		5AA9FAE324644868001E6E1A /* SummaryService.swift */ = {isa = PBXFileReference; lastKnownFileType = sourcecode.swift; path = SummaryService.swift; sourceTree = "<group>"; };
		5AA9FAE9246459B2001E6E1A /* TypesExt.swift */ = {isa = PBXFileReference; lastKnownFileType = sourcecode.swift; path = TypesExt.swift; sourceTree = "<group>"; };
		5AA9FAEB24645C90001E6E1A /* SummaryViewModel.swift */ = {isa = PBXFileReference; lastKnownFileType = sourcecode.swift; path = SummaryViewModel.swift; sourceTree = "<group>"; };
		5AA9FAED24648815001E6E1A /* SummaryView.swift */ = {isa = PBXFileReference; lastKnownFileType = sourcecode.swift; name = SummaryView.swift; path = CovidStat/ViewModels/SummaryView.swift; sourceTree = SOURCE_ROOT; };
		5AA9FAEF24648C14001E6E1A /* ServiceLocator.swift */ = {isa = PBXFileReference; lastKnownFileType = sourcecode.swift; path = ServiceLocator.swift; sourceTree = "<group>"; };
		5AAA2B4E24659CE500EDE0DD /* APIHelper.swift */ = {isa = PBXFileReference; fileEncoding = 4; lastKnownFileType = sourcecode.swift; path = APIHelper.swift; sourceTree = "<group>"; };
		5AAA2B4F24659CE500EDE0DD /* URLSessionImplementations.swift */ = {isa = PBXFileReference; fileEncoding = 4; lastKnownFileType = sourcecode.swift; path = URLSessionImplementations.swift; sourceTree = "<group>"; };
		5AAA2B5124659CE500EDE0DD /* SummaryOfTotalCasesAPI.swift */ = {isa = PBXFileReference; fileEncoding = 4; lastKnownFileType = sourcecode.swift; path = SummaryOfTotalCasesAPI.swift; sourceTree = "<group>"; };
		5AAA2B5224659CE500EDE0DD /* CodableHelper.swift */ = {isa = PBXFileReference; fileEncoding = 4; lastKnownFileType = sourcecode.swift; path = CodableHelper.swift; sourceTree = "<group>"; };
		5AAA2B5324659CE500EDE0DD /* APIs.swift */ = {isa = PBXFileReference; fileEncoding = 4; lastKnownFileType = sourcecode.swift; path = APIs.swift; sourceTree = "<group>"; };
		5AAA2B5424659CE500EDE0DD /* OpenISO8601DateFormatter.swift */ = {isa = PBXFileReference; fileEncoding = 4; lastKnownFileType = sourcecode.swift; path = OpenISO8601DateFormatter.swift; sourceTree = "<group>"; };
		5AAA2B5924659CE500EDE0DD /* Extensions.swift */ = {isa = PBXFileReference; fileEncoding = 4; lastKnownFileType = sourcecode.swift; path = Extensions.swift; sourceTree = "<group>"; };
		5AAA2B5A24659CE500EDE0DD /* JSONDataEncoding.swift */ = {isa = PBXFileReference; fileEncoding = 4; lastKnownFileType = sourcecode.swift; path = JSONDataEncoding.swift; sourceTree = "<group>"; };
		5AAA2B5B24659CE500EDE0DD /* JSONEncodingHelper.swift */ = {isa = PBXFileReference; fileEncoding = 4; lastKnownFileType = sourcecode.swift; path = JSONEncodingHelper.swift; sourceTree = "<group>"; };
		5AAA2B5C24659CE500EDE0DD /* Models.swift */ = {isa = PBXFileReference; fileEncoding = 4; lastKnownFileType = sourcecode.swift; path = Models.swift; sourceTree = "<group>"; };
		5AAA2B5D24659CE500EDE0DD /* SynchronizedDictionary.swift */ = {isa = PBXFileReference; fileEncoding = 4; lastKnownFileType = sourcecode.swift; path = SynchronizedDictionary.swift; sourceTree = "<group>"; };
		5AAA2B5E24659CE500EDE0DD /* Configuration.swift */ = {isa = PBXFileReference; fileEncoding = 4; lastKnownFileType = sourcecode.swift; path = Configuration.swift; sourceTree = "<group>"; };
		5AEDC1AF246408A300D55970 /* ContentView.swift */ = {isa = PBXFileReference; fileEncoding = 4; lastKnownFileType = sourcecode.swift; name = ContentView.swift; path = CovidStat/Views/ContentView.swift; sourceTree = SOURCE_ROOT; };
/* End PBXFileReference section */

/* Begin PBXFrameworksBuildPhase section */
		5A75939124640018005E2255 /* Frameworks */ = {
			isa = PBXFrameworksBuildPhase;
			buildActionMask = 2147483647;
			files = (
			);
			runOnlyForDeploymentPostprocessing = 0;
		};
		5A7593A724640019005E2255 /* Frameworks */ = {
			isa = PBXFrameworksBuildPhase;
			buildActionMask = 2147483647;
			files = (
			);
			runOnlyForDeploymentPostprocessing = 0;
		};
		5A7593B224640019005E2255 /* Frameworks */ = {
			isa = PBXFrameworksBuildPhase;
			buildActionMask = 2147483647;
			files = (
			);
			runOnlyForDeploymentPostprocessing = 0;
		};
/* End PBXFrameworksBuildPhase section */

/* Begin PBXGroup section */
		5A75938B24640018005E2255 = {
			isa = PBXGroup;
			children = (
				5A7593CC2464081A005E2255 /* CovidStat */,
				5AEDC1AE2464084800D55970 /* Tests */,
				5A75939524640018005E2255 /* Products */,
			);
			sourceTree = "<group>";
		};
		5A75939524640018005E2255 /* Products */ = {
			isa = PBXGroup;
			children = (
				5A75939424640018005E2255 /* CovidStat.app */,
				5A7593AA24640019005E2255 /* CovidStatTests.xctest */,
				5A7593B524640019005E2255 /* CovidStatUITests.xctest */,
			);
			name = Products;
			sourceTree = "<group>";
		};
		5A75939624640018005E2255 /* SupportingFiles */ = {
			isa = PBXGroup;
			children = (
				5AA9FADD24640948001E6E1A /* Info.plist */,
				5A75939D24640019005E2255 /* Assets.xcassets */,
				5A7593A224640019005E2255 /* LaunchScreen.storyboard */,
				5A75939F24640019005E2255 /* Preview Content */,
			);
			path = SupportingFiles;
			sourceTree = "<group>";
		};
		5A75939F24640019005E2255 /* Preview Content */ = {
			isa = PBXGroup;
			children = (
				5A7593A024640019005E2255 /* Preview Assets.xcassets */,
			);
			path = "Preview Content";
			sourceTree = "<group>";
		};
		5A7593AD24640019005E2255 /* CovidStatTests */ = {
			isa = PBXGroup;
			children = (
				5A7593AE24640019005E2255 /* CovidStatTests.swift */,
				5A7593B024640019005E2255 /* Info.plist */,
			);
			path = CovidStatTests;
			sourceTree = "<group>";
		};
		5A7593B824640019005E2255 /* CovidStatUITests */ = {
			isa = PBXGroup;
			children = (
				5A7593B924640019005E2255 /* CovidStatUITests.swift */,
				5A7593BB24640019005E2255 /* Info.plist */,
			);
			path = CovidStatUITests;
			sourceTree = "<group>";
		};
		5A7593C72464067E005E2255 /* App */ = {
			isa = PBXGroup;
			children = (
				5A75939724640018005E2255 /* AppDelegate.swift */,
				5A75939924640018005E2255 /* SceneDelegate.swift */,
			);
			path = App;
			sourceTree = "<group>";
		};
		5A7593C9246407DA005E2255 /* Views */ = {
			isa = PBXGroup;
			children = (
				5AEDC1AF246408A300D55970 /* ContentView.swift */,
				5AA9FAE0246440C6001E6E1A /* AboutView.swift */,
				5AA9FAED24648815001E6E1A /* SummaryView.swift */,
			);
			name = Views;
			path = ../Views;
			sourceTree = "<group>";
		};
		5A7593CA246407E8005E2255 /* Model */ = {
			isa = PBXGroup;
			children = (
				5AAA2B702465ED7500EDE0DD /* Entities */,
				5AA9FAE224644843001E6E1A /* Services */,
			);
			path = Model;
			sourceTree = "<group>";
		};
		5A7593CB246407EE005E2255 /* ViewModels */ = {
			isa = PBXGroup;
			children = (
				5AA9FAEB24645C90001E6E1A /* SummaryViewModel.swift */,
			);
			path = ViewModels;
			sourceTree = "<group>";
		};
		5A7593CC2464081A005E2255 /* CovidStat */ = {
			isa = PBXGroup;
			children = (
				5AAA2B712466098800EDE0DD /* Extensions */,
				5AAA2B4D24659CE500EDE0DD /* Networking */,
				5A7593C9246407DA005E2255 /* Views */,
				5A7593CB246407EE005E2255 /* ViewModels */,
				5A7593CA246407E8005E2255 /* Model */,
				5A7593C72464067E005E2255 /* App */,
				5A75939624640018005E2255 /* SupportingFiles */,
			);
			path = CovidStat;
			sourceTree = "<group>";
		};
		5AA9FAE224644843001E6E1A /* Services */ = {
			isa = PBXGroup;
			children = (
				5AA9FAE324644868001E6E1A /* SummaryService.swift */,
				5AA9FAEF24648C14001E6E1A /* ServiceLocator.swift */,
			);
			path = Services;
			sourceTree = "<group>";
		};
		5AAA2B4D24659CE500EDE0DD /* Networking */ = {
			isa = PBXGroup;
			children = (
				5AAA2B4E24659CE500EDE0DD /* APIHelper.swift */,
				5AAA2B4F24659CE500EDE0DD /* URLSessionImplementations.swift */,
				5AAA2B5024659CE500EDE0DD /* APIs */,
				5AAA2B5224659CE500EDE0DD /* CodableHelper.swift */,
				5AAA2B5324659CE500EDE0DD /* APIs.swift */,
				5AAA2B5424659CE500EDE0DD /* OpenISO8601DateFormatter.swift */,
				5AAA2B5924659CE500EDE0DD /* Extensions.swift */,
				5AAA2B5A24659CE500EDE0DD /* JSONDataEncoding.swift */,
				5AAA2B5B24659CE500EDE0DD /* JSONEncodingHelper.swift */,
				5AAA2B5C24659CE500EDE0DD /* Models.swift */,
				5AAA2B5D24659CE500EDE0DD /* SynchronizedDictionary.swift */,
				5AAA2B5E24659CE500EDE0DD /* Configuration.swift */,
			);
			path = Networking;
			sourceTree = "<group>";
		};
		5AAA2B5024659CE500EDE0DD /* APIs */ = {
			isa = PBXGroup;
			children = (
				5AAA2B5124659CE500EDE0DD /* SummaryOfTotalCasesAPI.swift */,
			);
			path = APIs;
			sourceTree = "<group>";
		};
		5AAA2B702465ED7500EDE0DD /* Entities */ = {
			isa = PBXGroup;
			children = (
				5A99552524660B490027BA61 /* Country.swift */,
				5A99552424660B490027BA61 /* Summary.swift */,
				5A99552324660B490027BA61 /* SummaryGlobal.swift */,
			);
			path = Entities;
			sourceTree = "<group>";
		};
		5AAA2B712466098800EDE0DD /* Extensions */ = {
			isa = PBXGroup;
			children = (
				5AA9FAE9246459B2001E6E1A /* TypesExt.swift */,
			);
			path = Extensions;
			sourceTree = "<group>";
		};
		5AEDC1AE2464084800D55970 /* Tests */ = {
			isa = PBXGroup;
			children = (
				5A7593AD24640019005E2255 /* CovidStatTests */,
				5A7593B824640019005E2255 /* CovidStatUITests */,
			);
			path = Tests;
			sourceTree = "<group>";
		};
/* End PBXGroup section */

/* Begin PBXNativeTarget section */
		5A75939324640018005E2255 /* CovidStat */ = {
			isa = PBXNativeTarget;
			buildConfigurationList = 5A7593BE24640019005E2255 /* Build configuration list for PBXNativeTarget "CovidStat" */;
			buildPhases = (
				5A75939024640018005E2255 /* Sources */,
				5A75939124640018005E2255 /* Frameworks */,
				5A75939224640018005E2255 /* Resources */,
			);
			buildRules = (
			);
			dependencies = (
			);
			name = CovidStat;
			productName = CovidStat;
			productReference = 5A75939424640018005E2255 /* CovidStat.app */;
			productType = "com.apple.product-type.application";
		};
		5A7593A924640019005E2255 /* CovidStatTests */ = {
			isa = PBXNativeTarget;
			buildConfigurationList = 5A7593C124640019005E2255 /* Build configuration list for PBXNativeTarget "CovidStatTests" */;
			buildPhases = (
				5A7593A624640019005E2255 /* Sources */,
				5A7593A724640019005E2255 /* Frameworks */,
				5A7593A824640019005E2255 /* Resources */,
			);
			buildRules = (
			);
			dependencies = (
				5A7593AC24640019005E2255 /* PBXTargetDependency */,
			);
			name = CovidStatTests;
			productName = CovidStatTests;
			productReference = 5A7593AA24640019005E2255 /* CovidStatTests.xctest */;
			productType = "com.apple.product-type.bundle.unit-test";
		};
		5A7593B424640019005E2255 /* CovidStatUITests */ = {
			isa = PBXNativeTarget;
			buildConfigurationList = 5A7593C424640019005E2255 /* Build configuration list for PBXNativeTarget "CovidStatUITests" */;
			buildPhases = (
				5A7593B124640019005E2255 /* Sources */,
				5A7593B224640019005E2255 /* Frameworks */,
				5A7593B324640019005E2255 /* Resources */,
			);
			buildRules = (
			);
			dependencies = (
				5A7593B724640019005E2255 /* PBXTargetDependency */,
			);
			name = CovidStatUITests;
			productName = CovidStatUITests;
			productReference = 5A7593B524640019005E2255 /* CovidStatUITests.xctest */;
			productType = "com.apple.product-type.bundle.ui-testing";
		};
/* End PBXNativeTarget section */

/* Begin PBXProject section */
		5A75938C24640018005E2255 /* Project object */ = {
			isa = PBXProject;
			attributes = {
				LastSwiftUpdateCheck = 1140;
				LastUpgradeCheck = 1140;
				ORGANIZATIONNAME = "Alexander Kraev";
				TargetAttributes = {
					5A75939324640018005E2255 = {
						CreatedOnToolsVersion = 11.4.1;
					};
					5A7593A924640019005E2255 = {
						CreatedOnToolsVersion = 11.4.1;
						TestTargetID = 5A75939324640018005E2255;
					};
					5A7593B424640019005E2255 = {
						CreatedOnToolsVersion = 11.4.1;
						TestTargetID = 5A75939324640018005E2255;
					};
				};
			};
			buildConfigurationList = 5A75938F24640018005E2255 /* Build configuration list for PBXProject "CovidStat" */;
			compatibilityVersion = "Xcode 9.3";
			developmentRegion = en;
			hasScannedForEncodings = 0;
			knownRegions = (
				en,
				Base,
			);
			mainGroup = 5A75938B24640018005E2255;
			productRefGroup = 5A75939524640018005E2255 /* Products */;
			projectDirPath = "";
			projectRoot = "";
			targets = (
				5A75939324640018005E2255 /* CovidStat */,
				5A7593A924640019005E2255 /* CovidStatTests */,
				5A7593B424640019005E2255 /* CovidStatUITests */,
			);
		};
/* End PBXProject section */

/* Begin PBXResourcesBuildPhase section */
		5A75939224640018005E2255 /* Resources */ = {
			isa = PBXResourcesBuildPhase;
			buildActionMask = 2147483647;
			files = (
				5A7593A424640019005E2255 /* LaunchScreen.storyboard in Resources */,
				5A7593A124640019005E2255 /* Preview Assets.xcassets in Resources */,
				5A75939E24640019005E2255 /* Assets.xcassets in Resources */,
			);
			runOnlyForDeploymentPostprocessing = 0;
		};
		5A7593A824640019005E2255 /* Resources */ = {
			isa = PBXResourcesBuildPhase;
			buildActionMask = 2147483647;
			files = (
			);
			runOnlyForDeploymentPostprocessing = 0;
		};
		5A7593B324640019005E2255 /* Resources */ = {
			isa = PBXResourcesBuildPhase;
			buildActionMask = 2147483647;
			files = (
			);
			runOnlyForDeploymentPostprocessing = 0;
		};
/* End PBXResourcesBuildPhase section */

/* Begin PBXSourcesBuildPhase section */
		5A75939024640018005E2255 /* Sources */ = {
			isa = PBXSourcesBuildPhase;
			buildActionMask = 2147483647;
			files = (
				5AAA2B6924659CE500EDE0DD /* JSONDataEncoding.swift in Sources */,
				5AA9FAE424644868001E6E1A /* SummaryService.swift in Sources */,
				5AA9FAEC24645C90001E6E1A /* SummaryViewModel.swift in Sources */,
				5AAA2B6024659CE500EDE0DD /* URLSessionImplementations.swift in Sources */,
				5A99552824660B490027BA61 /* Country.swift in Sources */,
				5AA9FAF024648C14001E6E1A /* ServiceLocator.swift in Sources */,
				5AAA2B6C24659CE500EDE0DD /* SynchronizedDictionary.swift in Sources */,
				5AAA2B6D24659CE500EDE0DD /* Configuration.swift in Sources */,
				5AA9FAE1246440C6001E6E1A /* AboutView.swift in Sources */,
				5AAA2B6424659CE500EDE0DD /* OpenISO8601DateFormatter.swift in Sources */,
				5A75939824640018005E2255 /* AppDelegate.swift in Sources */,
				5AAA2B6A24659CE500EDE0DD /* JSONEncodingHelper.swift in Sources */,
				5A99552724660B490027BA61 /* Summary.swift in Sources */,
				5AAA2B6824659CE500EDE0DD /* Extensions.swift in Sources */,
				5AAA2B6224659CE500EDE0DD /* CodableHelper.swift in Sources */,
				5AAA2B6B24659CE500EDE0DD /* Models.swift in Sources */,
				5A75939A24640018005E2255 /* SceneDelegate.swift in Sources */,
				5AAA2B6324659CE500EDE0DD /* APIs.swift in Sources */,
				5AAA2B6124659CE500EDE0DD /* SummaryOfTotalCasesAPI.swift in Sources */,
				5AA9FAEE24648815001E6E1A /* SummaryView.swift in Sources */,
				5AEDC1B0246408A300D55970 /* ContentView.swift in Sources */,
				5A99552624660B490027BA61 /* SummaryGlobal.swift in Sources */,
				5AAA2B5F24659CE500EDE0DD /* APIHelper.swift in Sources */,
				5AA9FAEA246459B2001E6E1A /* TypesExt.swift in Sources */,
			);
			runOnlyForDeploymentPostprocessing = 0;
		};
		5A7593A624640019005E2255 /* Sources */ = {
			isa = PBXSourcesBuildPhase;
			buildActionMask = 2147483647;
			files = (
				5A7593AF24640019005E2255 /* CovidStatTests.swift in Sources */,
			);
			runOnlyForDeploymentPostprocessing = 0;
		};
		5A7593B124640019005E2255 /* Sources */ = {
			isa = PBXSourcesBuildPhase;
			buildActionMask = 2147483647;
			files = (
				5A7593BA24640019005E2255 /* CovidStatUITests.swift in Sources */,
			);
			runOnlyForDeploymentPostprocessing = 0;
		};
/* End PBXSourcesBuildPhase section */

/* Begin PBXTargetDependency section */
		5A7593AC24640019005E2255 /* PBXTargetDependency */ = {
			isa = PBXTargetDependency;
			target = 5A75939324640018005E2255 /* CovidStat */;
			targetProxy = 5A7593AB24640019005E2255 /* PBXContainerItemProxy */;
		};
		5A7593B724640019005E2255 /* PBXTargetDependency */ = {
			isa = PBXTargetDependency;
			target = 5A75939324640018005E2255 /* CovidStat */;
			targetProxy = 5A7593B624640019005E2255 /* PBXContainerItemProxy */;
		};
/* End PBXTargetDependency section */

/* Begin PBXVariantGroup section */
		5A7593A224640019005E2255 /* LaunchScreen.storyboard */ = {
			isa = PBXVariantGroup;
			children = (
				5A7593A324640019005E2255 /* Base */,
			);
			name = LaunchScreen.storyboard;
			sourceTree = "<group>";
		};
/* End PBXVariantGroup section */

/* Begin XCBuildConfiguration section */
		5A7593BC24640019005E2255 /* Debug */ = {
			isa = XCBuildConfiguration;
			buildSettings = {
				ALWAYS_SEARCH_USER_PATHS = NO;
				CLANG_ANALYZER_NONNULL = YES;
				CLANG_ANALYZER_NUMBER_OBJECT_CONVERSION = YES_AGGRESSIVE;
				CLANG_CXX_LANGUAGE_STANDARD = "gnu++14";
				CLANG_CXX_LIBRARY = "libc++";
				CLANG_ENABLE_MODULES = YES;
				CLANG_ENABLE_OBJC_ARC = YES;
				CLANG_ENABLE_OBJC_WEAK = YES;
				CLANG_WARN_BLOCK_CAPTURE_AUTORELEASING = YES;
				CLANG_WARN_BOOL_CONVERSION = YES;
				CLANG_WARN_COMMA = YES;
				CLANG_WARN_CONSTANT_CONVERSION = YES;
				CLANG_WARN_DEPRECATED_OBJC_IMPLEMENTATIONS = YES;
				CLANG_WARN_DIRECT_OBJC_ISA_USAGE = YES_ERROR;
				CLANG_WARN_DOCUMENTATION_COMMENTS = YES;
				CLANG_WARN_EMPTY_BODY = YES;
				CLANG_WARN_ENUM_CONVERSION = YES;
				CLANG_WARN_INFINITE_RECURSION = YES;
				CLANG_WARN_INT_CONVERSION = YES;
				CLANG_WARN_NON_LITERAL_NULL_CONVERSION = YES;
				CLANG_WARN_OBJC_IMPLICIT_RETAIN_SELF = YES;
				CLANG_WARN_OBJC_LITERAL_CONVERSION = YES;
				CLANG_WARN_OBJC_ROOT_CLASS = YES_ERROR;
				CLANG_WARN_RANGE_LOOP_ANALYSIS = YES;
				CLANG_WARN_STRICT_PROTOTYPES = YES;
				CLANG_WARN_SUSPICIOUS_MOVE = YES;
				CLANG_WARN_UNGUARDED_AVAILABILITY = YES_AGGRESSIVE;
				CLANG_WARN_UNREACHABLE_CODE = YES;
				CLANG_WARN__DUPLICATE_METHOD_MATCH = YES;
				COPY_PHASE_STRIP = NO;
				DEBUG_INFORMATION_FORMAT = dwarf;
				ENABLE_STRICT_OBJC_MSGSEND = YES;
				ENABLE_TESTABILITY = YES;
				GCC_C_LANGUAGE_STANDARD = gnu11;
				GCC_DYNAMIC_NO_PIC = NO;
				GCC_NO_COMMON_BLOCKS = YES;
				GCC_OPTIMIZATION_LEVEL = 0;
				GCC_PREPROCESSOR_DEFINITIONS = (
					"DEBUG=1",
					"$(inherited)",
				);
				GCC_WARN_64_TO_32_BIT_CONVERSION = YES;
				GCC_WARN_ABOUT_RETURN_TYPE = YES_ERROR;
				GCC_WARN_UNDECLARED_SELECTOR = YES;
				GCC_WARN_UNINITIALIZED_AUTOS = YES_AGGRESSIVE;
				GCC_WARN_UNUSED_FUNCTION = YES;
				GCC_WARN_UNUSED_VARIABLE = YES;
				IPHONEOS_DEPLOYMENT_TARGET = 13.4;
				MTL_ENABLE_DEBUG_INFO = INCLUDE_SOURCE;
				MTL_FAST_MATH = YES;
				ONLY_ACTIVE_ARCH = YES;
				SDKROOT = iphoneos;
				SWIFT_ACTIVE_COMPILATION_CONDITIONS = DEBUG;
				SWIFT_OPTIMIZATION_LEVEL = "-Onone";
			};
			name = Debug;
		};
		5A7593BD24640019005E2255 /* Release */ = {
			isa = XCBuildConfiguration;
			buildSettings = {
				ALWAYS_SEARCH_USER_PATHS = NO;
				CLANG_ANALYZER_NONNULL = YES;
				CLANG_ANALYZER_NUMBER_OBJECT_CONVERSION = YES_AGGRESSIVE;
				CLANG_CXX_LANGUAGE_STANDARD = "gnu++14";
				CLANG_CXX_LIBRARY = "libc++";
				CLANG_ENABLE_MODULES = YES;
				CLANG_ENABLE_OBJC_ARC = YES;
				CLANG_ENABLE_OBJC_WEAK = YES;
				CLANG_WARN_BLOCK_CAPTURE_AUTORELEASING = YES;
				CLANG_WARN_BOOL_CONVERSION = YES;
				CLANG_WARN_COMMA = YES;
				CLANG_WARN_CONSTANT_CONVERSION = YES;
				CLANG_WARN_DEPRECATED_OBJC_IMPLEMENTATIONS = YES;
				CLANG_WARN_DIRECT_OBJC_ISA_USAGE = YES_ERROR;
				CLANG_WARN_DOCUMENTATION_COMMENTS = YES;
				CLANG_WARN_EMPTY_BODY = YES;
				CLANG_WARN_ENUM_CONVERSION = YES;
				CLANG_WARN_INFINITE_RECURSION = YES;
				CLANG_WARN_INT_CONVERSION = YES;
				CLANG_WARN_NON_LITERAL_NULL_CONVERSION = YES;
				CLANG_WARN_OBJC_IMPLICIT_RETAIN_SELF = YES;
				CLANG_WARN_OBJC_LITERAL_CONVERSION = YES;
				CLANG_WARN_OBJC_ROOT_CLASS = YES_ERROR;
				CLANG_WARN_RANGE_LOOP_ANALYSIS = YES;
				CLANG_WARN_STRICT_PROTOTYPES = YES;
				CLANG_WARN_SUSPICIOUS_MOVE = YES;
				CLANG_WARN_UNGUARDED_AVAILABILITY = YES_AGGRESSIVE;
				CLANG_WARN_UNREACHABLE_CODE = YES;
				CLANG_WARN__DUPLICATE_METHOD_MATCH = YES;
				COPY_PHASE_STRIP = NO;
				DEBUG_INFORMATION_FORMAT = "dwarf-with-dsym";
				ENABLE_NS_ASSERTIONS = NO;
				ENABLE_STRICT_OBJC_MSGSEND = YES;
				GCC_C_LANGUAGE_STANDARD = gnu11;
				GCC_NO_COMMON_BLOCKS = YES;
				GCC_WARN_64_TO_32_BIT_CONVERSION = YES;
				GCC_WARN_ABOUT_RETURN_TYPE = YES_ERROR;
				GCC_WARN_UNDECLARED_SELECTOR = YES;
				GCC_WARN_UNINITIALIZED_AUTOS = YES_AGGRESSIVE;
				GCC_WARN_UNUSED_FUNCTION = YES;
				GCC_WARN_UNUSED_VARIABLE = YES;
				IPHONEOS_DEPLOYMENT_TARGET = 13.4;
				MTL_ENABLE_DEBUG_INFO = NO;
				MTL_FAST_MATH = YES;
				SDKROOT = iphoneos;
				SWIFT_COMPILATION_MODE = wholemodule;
				SWIFT_OPTIMIZATION_LEVEL = "-O";
				VALIDATE_PRODUCT = YES;
			};
			name = Release;
		};
		5A7593BF24640019005E2255 /* Debug */ = {
			isa = XCBuildConfiguration;
			buildSettings = {
				ASSETCATALOG_COMPILER_APPICON_NAME = AppIcon;
				CODE_SIGN_STYLE = Automatic;
				DEVELOPMENT_ASSET_PATHS = "\"CovidStat/SupportingFiles/Preview Content\"";
				ENABLE_PREVIEWS = YES;
				INFOPLIST_FILE = CovidStat/SupportingFiles/Info.plist;
				LD_RUNPATH_SEARCH_PATHS = (
					"$(inherited)",
					"@executable_path/Frameworks",
				);
				PRODUCT_BUNDLE_IDENTIFIER = com.lexkraev.CovidStat;
				PRODUCT_NAME = "$(TARGET_NAME)";
				SWIFT_VERSION = 5.0;
				TARGETED_DEVICE_FAMILY = "1,2";
			};
			name = Debug;
		};
		5A7593C024640019005E2255 /* Release */ = {
			isa = XCBuildConfiguration;
			buildSettings = {
				ASSETCATALOG_COMPILER_APPICON_NAME = AppIcon;
				CODE_SIGN_STYLE = Automatic;
				DEVELOPMENT_ASSET_PATHS = "\"CovidStat/SupportingFiles/Preview Content\"";
				ENABLE_PREVIEWS = YES;
				INFOPLIST_FILE = CovidStat/SupportingFiles/Info.plist;
				LD_RUNPATH_SEARCH_PATHS = (
					"$(inherited)",
					"@executable_path/Frameworks",
				);
				PRODUCT_BUNDLE_IDENTIFIER = com.lexkraev.CovidStat;
				PRODUCT_NAME = "$(TARGET_NAME)";
				SWIFT_VERSION = 5.0;
				TARGETED_DEVICE_FAMILY = "1,2";
			};
			name = Release;
		};
		5A7593C224640019005E2255 /* Debug */ = {
			isa = XCBuildConfiguration;
			buildSettings = {
				ALWAYS_EMBED_SWIFT_STANDARD_LIBRARIES = YES;
				BUNDLE_LOADER = "$(TEST_HOST)";
				CODE_SIGN_STYLE = Automatic;
				INFOPLIST_FILE = CovidStatTests/Info.plist;
				IPHONEOS_DEPLOYMENT_TARGET = 13.4;
				LD_RUNPATH_SEARCH_PATHS = (
					"$(inherited)",
					"@executable_path/Frameworks",
					"@loader_path/Frameworks",
				);
				PRODUCT_BUNDLE_IDENTIFIER = com.lexkraev.CovidStatTests;
				PRODUCT_NAME = "$(TARGET_NAME)";
				SWIFT_VERSION = 5.0;
				TARGETED_DEVICE_FAMILY = "1,2";
				TEST_HOST = "$(BUILT_PRODUCTS_DIR)/CovidStat.app/CovidStat";
			};
			name = Debug;
		};
		5A7593C324640019005E2255 /* Release */ = {
			isa = XCBuildConfiguration;
			buildSettings = {
				ALWAYS_EMBED_SWIFT_STANDARD_LIBRARIES = YES;
				BUNDLE_LOADER = "$(TEST_HOST)";
				CODE_SIGN_STYLE = Automatic;
				INFOPLIST_FILE = CovidStatTests/Info.plist;
				IPHONEOS_DEPLOYMENT_TARGET = 13.4;
				LD_RUNPATH_SEARCH_PATHS = (
					"$(inherited)",
					"@executable_path/Frameworks",
					"@loader_path/Frameworks",
				);
				PRODUCT_BUNDLE_IDENTIFIER = com.lexkraev.CovidStatTests;
				PRODUCT_NAME = "$(TARGET_NAME)";
				SWIFT_VERSION = 5.0;
				TARGETED_DEVICE_FAMILY = "1,2";
				TEST_HOST = "$(BUILT_PRODUCTS_DIR)/CovidStat.app/CovidStat";
			};
			name = Release;
		};
		5A7593C524640019005E2255 /* Debug */ = {
			isa = XCBuildConfiguration;
			buildSettings = {
				ALWAYS_EMBED_SWIFT_STANDARD_LIBRARIES = YES;
				CODE_SIGN_STYLE = Automatic;
				INFOPLIST_FILE = CovidStatUITests/Info.plist;
				LD_RUNPATH_SEARCH_PATHS = (
					"$(inherited)",
					"@executable_path/Frameworks",
					"@loader_path/Frameworks",
				);
				PRODUCT_BUNDLE_IDENTIFIER = com.lexkraev.CovidStatUITests;
				PRODUCT_NAME = "$(TARGET_NAME)";
				SWIFT_VERSION = 5.0;
				TARGETED_DEVICE_FAMILY = "1,2";
				TEST_TARGET_NAME = CovidStat;
			};
			name = Debug;
		};
		5A7593C624640019005E2255 /* Release */ = {
			isa = XCBuildConfiguration;
			buildSettings = {
				ALWAYS_EMBED_SWIFT_STANDARD_LIBRARIES = YES;
				CODE_SIGN_STYLE = Automatic;
				INFOPLIST_FILE = CovidStatUITests/Info.plist;
				LD_RUNPATH_SEARCH_PATHS = (
					"$(inherited)",
					"@executable_path/Frameworks",
					"@loader_path/Frameworks",
				);
				PRODUCT_BUNDLE_IDENTIFIER = com.lexkraev.CovidStatUITests;
				PRODUCT_NAME = "$(TARGET_NAME)";
				SWIFT_VERSION = 5.0;
				TARGETED_DEVICE_FAMILY = "1,2";
				TEST_TARGET_NAME = CovidStat;
			};
			name = Release;
		};
/* End XCBuildConfiguration section */

/* Begin XCConfigurationList section */
		5A75938F24640018005E2255 /* Build configuration list for PBXProject "CovidStat" */ = {
			isa = XCConfigurationList;
			buildConfigurations = (
				5A7593BC24640019005E2255 /* Debug */,
				5A7593BD24640019005E2255 /* Release */,
			);
			defaultConfigurationIsVisible = 0;
			defaultConfigurationName = Release;
		};
		5A7593BE24640019005E2255 /* Build configuration list for PBXNativeTarget "CovidStat" */ = {
			isa = XCConfigurationList;
			buildConfigurations = (
				5A7593BF24640019005E2255 /* Debug */,
				5A7593C024640019005E2255 /* Release */,
			);
			defaultConfigurationIsVisible = 0;
			defaultConfigurationName = Release;
		};
		5A7593C124640019005E2255 /* Build configuration list for PBXNativeTarget "CovidStatTests" */ = {
			isa = XCConfigurationList;
			buildConfigurations = (
				5A7593C224640019005E2255 /* Debug */,
				5A7593C324640019005E2255 /* Release */,
			);
			defaultConfigurationIsVisible = 0;
			defaultConfigurationName = Release;
		};
		5A7593C424640019005E2255 /* Build configuration list for PBXNativeTarget "CovidStatUITests" */ = {
			isa = XCConfigurationList;
			buildConfigurations = (
				5A7593C524640019005E2255 /* Debug */,
				5A7593C624640019005E2255 /* Release */,
			);
			defaultConfigurationIsVisible = 0;
			defaultConfigurationName = Release;
		};
/* End XCConfigurationList section */
	};
	rootObject = 5A75938C24640018005E2255 /* Project object */;
}
